{
  "name": "wger",
  "version": "2.2.dev1",
  "lockfileVersion": 2,
  "requires": true,
  "packages": {
    "": {
      "name": "wger",
      "version": "2.2.dev1",
      "license": "AGPL-3.0",
      "dependencies": {
        "bootstrap": "5.2.3",
        "components-font-awesome": "5.9.0",
        "d3": "^7.8.4",
        "datatables": "^1.10.18",
        "devbridge-autocomplete": "^1.4.11",
        "jquery": "^3.6.4",
        "masonry-layout": "^4.2.2",
        "metrics-graphics": "^3.0.0-beta1",
        "popper.js": "^1.16.1",
        "shariff": "^3.2.1",
        "Sortable": "RubaXa/Sortable#1.15.0",
        "tinymce": "^5.10.7",
        "yarn": "^1.22.19"
      },
      "engines": {
        "yarn": ">= 1.0.0"
      }
    },
    "node_modules/@fortawesome/fontawesome-free": {
      "version": "5.14.0",
      "resolved": "https://registry.npmjs.org/@fortawesome/fontawesome-free/-/fontawesome-free-5.14.0.tgz",
      "integrity": "sha512-OfdMsF+ZQgdKHP9jUbmDcRrP0eX90XXrsXIdyjLbkmSBzmMXPABB8eobUJtivaupucYaByz6WNe1PI1JuYm3qA==",
      "engines": {
        "node": ">=6"
      }
    },
    "node_modules/@popperjs/core": {
      "version": "2.11.6",
      "resolved": "https://registry.npmjs.org/@popperjs/core/-/core-2.11.6.tgz",
      "integrity": "sha512-50/17A98tWUfQ176raKiOGXuYpLyyVMkxxG6oylzL3BPOlA6ADGdK7EYunSa4I064xerltq9TGXs8HmOk5E+vw==",
      "peer": true,
      "funding": {
        "type": "opencollective",
        "url": "https://opencollective.com/popperjs"
      }
    },
    "node_modules/@types/jquery": {
      "version": "2.0.54",
      "resolved": "https://registry.npmjs.org/@types/jquery/-/jquery-2.0.54.tgz",
      "integrity": "sha512-D/PomKwNkDfSKD13DEVQT/pq2TUjN54c6uB341fEZanIzkjfGe7UaFuuaLZbpEiS5j7Wk2MUHAZqZIoECw29lg=="
    },
    "node_modules/bootstrap": {
      "version": "5.2.3",
      "resolved": "https://registry.npmjs.org/bootstrap/-/bootstrap-5.2.3.tgz",
      "integrity": "sha512-cEKPM+fwb3cT8NzQZYEu4HilJ3anCrWqh3CHAok1p9jXqMPsPTBhU25fBckEJHJ/p+tTxTFTsFQGM+gaHpi3QQ==",
      "funding": [
        {
          "type": "github",
          "url": "https://github.com/sponsors/twbs"
        },
        {
          "type": "opencollective",
          "url": "https://opencollective.com/bootstrap"
        }
      ],
      "peerDependencies": {
        "@popperjs/core": "^2.11.6"
      }
    },
    "node_modules/commander": {
      "version": "7.2.0",
      "resolved": "https://registry.npmjs.org/commander/-/commander-7.2.0.tgz",
      "integrity": "sha512-QrWXB+ZQSVPmIWIhtEO9H+gwHaMGYiF5ChvoJ+K9ZGHG/sVsa6yiesAD1GC/x46sET00Xlwo1u49RVVVzvcSkw==",
      "engines": {
        "node": ">= 10"
      }
    },
    "node_modules/components-font-awesome": {
      "version": "5.9.0",
      "resolved": "https://registry.npmjs.org/components-font-awesome/-/components-font-awesome-5.9.0.tgz",
      "integrity": "sha512-AjY5WwmKripvroQ1oYpCC4eK8efavSKUGN/ATgwcbyz/kRmojslH8l6Mrlxq071bdzBrZvCxi+RKgU5ao3bU+A=="
    },
    "node_modules/d3": {
      "version": "7.8.4",
      "resolved": "https://registry.npmjs.org/d3/-/d3-7.8.4.tgz",
      "integrity": "sha512-q2WHStdhiBtD8DMmhDPyJmXUxr6VWRngKyiJ5EfXMxPw+tqT6BhNjhJZ4w3BHsNm3QoVfZLY8Orq/qPFczwKRA==",
      "dependencies": {
        "d3-array": "3",
        "d3-axis": "3",
        "d3-brush": "3",
        "d3-chord": "3",
        "d3-color": "3",
        "d3-contour": "4",
        "d3-delaunay": "6",
        "d3-dispatch": "3",
        "d3-drag": "3",
        "d3-dsv": "3",
        "d3-ease": "3",
        "d3-fetch": "3",
        "d3-force": "3",
        "d3-format": "3",
        "d3-geo": "3",
        "d3-hierarchy": "3",
        "d3-interpolate": "3",
        "d3-path": "3",
        "d3-polygon": "3",
        "d3-quadtree": "3",
        "d3-random": "3",
        "d3-scale": "4",
        "d3-scale-chromatic": "3",
        "d3-selection": "3",
        "d3-shape": "3",
        "d3-time": "3",
        "d3-time-format": "4",
        "d3-timer": "3",
        "d3-transition": "3",
        "d3-zoom": "3"
      },
      "engines": {
        "node": ">=12"
      }
    },
    "node_modules/d3-array": {
      "version": "3.2.0",
      "resolved": "https://registry.npmjs.org/d3-array/-/d3-array-3.2.0.tgz",
      "integrity": "sha512-3yXFQo0oG3QCxbF06rMPFyGRMGJNS7NvsV1+2joOjbBE+9xvWQ8+GcMJAjRCzw06zQ3/arXeJgbPYcjUCuC+3g==",
      "dependencies": {
        "internmap": "1 - 2"
      },
      "engines": {
        "node": ">=12"
      }
    },
    "node_modules/d3-axis": {
      "version": "3.0.0",
      "resolved": "https://registry.npmjs.org/d3-axis/-/d3-axis-3.0.0.tgz",
      "integrity": "sha512-IH5tgjV4jE/GhHkRV0HiVYPDtvfjHQlQfJHs0usq7M30XcSBvOotpmH1IgkcXsO/5gEQZD43B//fc7SRT5S+xw==",
      "engines": {
        "node": ">=12"
      }
    },
    "node_modules/d3-brush": {
      "version": "3.0.0",
      "resolved": "https://registry.npmjs.org/d3-brush/-/d3-brush-3.0.0.tgz",
      "integrity": "sha512-ALnjWlVYkXsVIGlOsuWH1+3udkYFI48Ljihfnh8FZPF2QS9o+PzGLBslO0PjzVoHLZ2KCVgAM8NVkXPJB2aNnQ==",
      "dependencies": {
        "d3-dispatch": "1 - 3",
        "d3-drag": "2 - 3",
        "d3-interpolate": "1 - 3",
        "d3-selection": "3",
        "d3-transition": "3"
      },
      "engines": {
        "node": ">=12"
      }
    },
    "node_modules/d3-chord": {
      "version": "3.0.1",
      "resolved": "https://registry.npmjs.org/d3-chord/-/d3-chord-3.0.1.tgz",
      "integrity": "sha512-VE5S6TNa+j8msksl7HwjxMHDM2yNK3XCkusIlpX5kwauBfXuyLAtNg9jCp/iHH61tgI4sb6R/EIMWCqEIdjT/g==",
      "dependencies": {
        "d3-path": "1 - 3"
      },
      "engines": {
        "node": ">=12"
      }
    },
    "node_modules/d3-color": {
      "version": "3.1.0",
      "resolved": "https://registry.npmjs.org/d3-color/-/d3-color-3.1.0.tgz",
      "integrity": "sha512-zg/chbXyeBtMQ1LbD/WSoW2DpC3I0mpmPdW+ynRTj/x2DAWYrIY7qeZIHidozwV24m4iavr15lNwIwLxRmOxhA==",
      "engines": {
        "node": ">=12"
      }
    },
    "node_modules/d3-contour": {
      "version": "4.0.0",
      "resolved": "https://registry.npmjs.org/d3-contour/-/d3-contour-4.0.0.tgz",
      "integrity": "sha512-7aQo0QHUTu/Ko3cP9YK9yUTxtoDEiDGwnBHyLxG5M4vqlBkO/uixMRele3nfsfj6UXOcuReVpVXzAboGraYIJw==",
      "dependencies": {
        "d3-array": "^3.2.0"
      },
      "engines": {
        "node": ">=12"
      }
    },
    "node_modules/d3-delaunay": {
      "version": "6.0.2",
      "resolved": "https://registry.npmjs.org/d3-delaunay/-/d3-delaunay-6.0.2.tgz",
      "integrity": "sha512-IMLNldruDQScrcfT+MWnazhHbDJhcRJyOEBAJfwQnHle1RPh6WDuLvxNArUju2VSMSUuKlY5BGHRJ2cYyoFLQQ==",
      "dependencies": {
        "delaunator": "5"
      },
      "engines": {
        "node": ">=12"
      }
    },
    "node_modules/d3-dispatch": {
      "version": "3.0.1",
      "resolved": "https://registry.npmjs.org/d3-dispatch/-/d3-dispatch-3.0.1.tgz",
      "integrity": "sha512-rzUyPU/S7rwUflMyLc1ETDeBj0NRuHKKAcvukozwhshr6g6c5d8zh4c2gQjY2bZ0dXeGLWc1PF174P2tVvKhfg==",
      "engines": {
        "node": ">=12"
      }
    },
    "node_modules/d3-drag": {
      "version": "3.0.0",
      "resolved": "https://registry.npmjs.org/d3-drag/-/d3-drag-3.0.0.tgz",
      "integrity": "sha512-pWbUJLdETVA8lQNJecMxoXfH6x+mO2UQo8rSmZ+QqxcbyA3hfeprFgIT//HW2nlHChWeIIMwS2Fq+gEARkhTkg==",
      "dependencies": {
        "d3-dispatch": "1 - 3",
        "d3-selection": "3"
      },
      "engines": {
        "node": ">=12"
      }
    },
    "node_modules/d3-dsv": {
      "version": "3.0.1",
      "resolved": "https://registry.npmjs.org/d3-dsv/-/d3-dsv-3.0.1.tgz",
      "integrity": "sha512-UG6OvdI5afDIFP9w4G0mNq50dSOsXHJaRE8arAS5o9ApWnIElp8GZw1Dun8vP8OyHOZ/QJUKUJwxiiCCnUwm+Q==",
      "dependencies": {
        "commander": "7",
        "iconv-lite": "0.6",
        "rw": "1"
      },
      "bin": {
        "csv2json": "bin/dsv2json.js",
        "csv2tsv": "bin/dsv2dsv.js",
        "dsv2dsv": "bin/dsv2dsv.js",
        "dsv2json": "bin/dsv2json.js",
        "json2csv": "bin/json2dsv.js",
        "json2dsv": "bin/json2dsv.js",
        "json2tsv": "bin/json2dsv.js",
        "tsv2csv": "bin/dsv2dsv.js",
        "tsv2json": "bin/dsv2json.js"
      },
      "engines": {
        "node": ">=12"
      }
    },
    "node_modules/d3-ease": {
      "version": "3.0.1",
      "resolved": "https://registry.npmjs.org/d3-ease/-/d3-ease-3.0.1.tgz",
      "integrity": "sha512-wR/XK3D3XcLIZwpbvQwQ5fK+8Ykds1ip7A2Txe0yxncXSdq1L9skcG7blcedkOX+ZcgxGAmLX1FrRGbADwzi0w==",
      "engines": {
        "node": ">=12"
      }
    },
    "node_modules/d3-fetch": {
      "version": "3.0.1",
      "resolved": "https://registry.npmjs.org/d3-fetch/-/d3-fetch-3.0.1.tgz",
      "integrity": "sha512-kpkQIM20n3oLVBKGg6oHrUchHM3xODkTzjMoj7aWQFq5QEM+R6E4WkzT5+tojDY7yjez8KgCBRoj4aEr99Fdqw==",
      "dependencies": {
        "d3-dsv": "1 - 3"
      },
      "engines": {
        "node": ">=12"
      }
    },
    "node_modules/d3-force": {
      "version": "3.0.0",
      "resolved": "https://registry.npmjs.org/d3-force/-/d3-force-3.0.0.tgz",
      "integrity": "sha512-zxV/SsA+U4yte8051P4ECydjD/S+qeYtnaIyAs9tgHCqfguma/aAQDjo85A9Z6EKhBirHRJHXIgJUlffT4wdLg==",
      "dependencies": {
        "d3-dispatch": "1 - 3",
        "d3-quadtree": "1 - 3",
        "d3-timer": "1 - 3"
      },
      "engines": {
        "node": ">=12"
      }
    },
    "node_modules/d3-format": {
      "version": "3.0.1",
      "resolved": "https://registry.npmjs.org/d3-format/-/d3-format-3.0.1.tgz",
      "integrity": "sha512-hdL7+HBIohpgfolhBxr1KX47VMD6+vVD/oEFrxk5yhmzV2prk99EkFKYpXuhVkFpTgHdJ6/4bYcjdLPPXV4tIA==",
      "engines": {
        "node": ">=12"
      }
    },
    "node_modules/d3-geo": {
      "version": "3.0.1",
      "resolved": "https://registry.npmjs.org/d3-geo/-/d3-geo-3.0.1.tgz",
      "integrity": "sha512-Wt23xBych5tSy9IYAM1FR2rWIBFWa52B/oF/GYe5zbdHrg08FU8+BuI6X4PvTwPDdqdAdq04fuWJpELtsaEjeA==",
      "dependencies": {
        "d3-array": "2.5.0 - 3"
      },
      "engines": {
        "node": ">=12"
      }
    },
    "node_modules/d3-hierarchy": {
      "version": "3.0.1",
      "resolved": "https://registry.npmjs.org/d3-hierarchy/-/d3-hierarchy-3.0.1.tgz",
      "integrity": "sha512-RlLTaofEoOrMK1JoXYIGhKTkJFI/6rFrYPgxy6QlZo2BcVc4HGTqEU0rPpzuMq5T/5XcMtAzv1XiLA3zRTfygw==",
      "engines": {
        "node": ">=12"
      }
    },
    "node_modules/d3-interpolate": {
      "version": "3.0.1",
      "resolved": "https://registry.npmjs.org/d3-interpolate/-/d3-interpolate-3.0.1.tgz",
      "integrity": "sha512-3bYs1rOD33uo8aqJfKP3JWPAibgw8Zm2+L9vBKEHJ2Rg+viTR7o5Mmv5mZcieN+FRYaAOWX5SJATX6k1PWz72g==",
      "dependencies": {
        "d3-color": "1 - 3"
      },
      "engines": {
        "node": ">=12"
      }
    },
    "node_modules/d3-path": {
      "version": "3.0.1",
      "resolved": "https://registry.npmjs.org/d3-path/-/d3-path-3.0.1.tgz",
      "integrity": "sha512-gq6gZom9AFZby0YLduxT1qmrp4xpBA1YZr19OI717WIdKE2OM5ETq5qrHLb301IgxhLwcuxvGZVLeeWc/k1I6w==",
      "engines": {
        "node": ">=12"
      }
    },
    "node_modules/d3-polygon": {
      "version": "3.0.1",
      "resolved": "https://registry.npmjs.org/d3-polygon/-/d3-polygon-3.0.1.tgz",
      "integrity": "sha512-3vbA7vXYwfe1SYhED++fPUQlWSYTTGmFmQiany/gdbiWgU/iEyQzyymwL9SkJjFFuCS4902BSzewVGsHHmHtXg==",
      "engines": {
        "node": ">=12"
      }
    },
    "node_modules/d3-quadtree": {
      "version": "3.0.1",
      "resolved": "https://registry.npmjs.org/d3-quadtree/-/d3-quadtree-3.0.1.tgz",
      "integrity": "sha512-04xDrxQTDTCFwP5H6hRhsRcb9xxv2RzkcsygFzmkSIOJy3PeRJP7sNk3VRIbKXcog561P9oU0/rVH6vDROAgUw==",
      "engines": {
        "node": ">=12"
      }
    },
    "node_modules/d3-random": {
      "version": "3.0.1",
      "resolved": "https://registry.npmjs.org/d3-random/-/d3-random-3.0.1.tgz",
      "integrity": "sha512-FXMe9GfxTxqd5D6jFsQ+DJ8BJS4E/fT5mqqdjovykEB2oFbTMDVdg1MGFxfQW+FBOGoB++k8swBrgwSHT1cUXQ==",
      "engines": {
        "node": ">=12"
      }
    },
    "node_modules/d3-scale": {
      "version": "4.0.0",
      "resolved": "https://registry.npmjs.org/d3-scale/-/d3-scale-4.0.0.tgz",
      "integrity": "sha512-foHQYKpWQcyndH1CGoHdUC4PECxTxonzwwBXGT8qu+Drb1FIc6ON6dG2P5f4hRRMkLiIKeWK7iFtdznDUrnuPQ==",
      "dependencies": {
        "d3-array": "2.10.0 - 3",
        "d3-format": "1 - 3",
        "d3-interpolate": "1.2.0 - 3",
        "d3-time": "2.1.1 - 3",
        "d3-time-format": "2 - 4"
      },
      "engines": {
        "node": ">=12"
      }
    },
    "node_modules/d3-scale-chromatic": {
      "version": "3.0.0",
      "resolved": "https://registry.npmjs.org/d3-scale-chromatic/-/d3-scale-chromatic-3.0.0.tgz",
      "integrity": "sha512-Lx9thtxAKrO2Pq6OO2Ua474opeziKr279P/TKZsMAhYyNDD3EnCffdbgeSYN5O7m2ByQsxtuP2CSDczNUIZ22g==",
      "dependencies": {
        "d3-color": "1 - 3",
        "d3-interpolate": "1 - 3"
      },
      "engines": {
        "node": ">=12"
      }
    },
    "node_modules/d3-selection": {
      "version": "3.0.0",
      "resolved": "https://registry.npmjs.org/d3-selection/-/d3-selection-3.0.0.tgz",
      "integrity": "sha512-fmTRWbNMmsmWq6xJV8D19U/gw/bwrHfNXxrIN+HfZgnzqTHp9jOmKMhsTUjXOJnZOdZY9Q28y4yebKzqDKlxlQ==",
      "engines": {
        "node": ">=12"
      }
    },
    "node_modules/d3-shape": {
      "version": "3.0.1",
      "resolved": "https://registry.npmjs.org/d3-shape/-/d3-shape-3.0.1.tgz",
      "integrity": "sha512-HNZNEQoDhuCrDWEc/BMbF/hKtzMZVoe64TvisFLDp2Iyj0UShB/E6/lBsLlJTfBMbYgftHj90cXJ0SEitlE6Xw==",
      "dependencies": {
        "d3-path": "1 - 3"
      },
      "engines": {
        "node": ">=12"
      }
    },
    "node_modules/d3-time": {
      "version": "3.0.0",
      "resolved": "https://registry.npmjs.org/d3-time/-/d3-time-3.0.0.tgz",
      "integrity": "sha512-zmV3lRnlaLI08y9IMRXSDshQb5Nj77smnfpnd2LrBa/2K281Jijactokeak14QacHs/kKq0AQ121nidNYlarbQ==",
      "dependencies": {
        "d3-array": "2 - 3"
      },
      "engines": {
        "node": ">=12"
      }
    },
    "node_modules/d3-time-format": {
      "version": "4.0.0",
      "resolved": "https://registry.npmjs.org/d3-time-format/-/d3-time-format-4.0.0.tgz",
      "integrity": "sha512-nzaCwlj+ZVBIlFuVOT1RmU+6xb/7D5IcnhHzHQcBgS/aTa5K9fWZNN5LCXA27LgF5WxoSNJqKBbLcGMtM6Ca6A==",
      "dependencies": {
        "d3-time": "1 - 3"
      },
      "engines": {
        "node": ">=12"
      }
    },
    "node_modules/d3-timer": {
      "version": "3.0.1",
      "resolved": "https://registry.npmjs.org/d3-timer/-/d3-timer-3.0.1.tgz",
      "integrity": "sha512-ndfJ/JxxMd3nw31uyKoY2naivF+r29V+Lc0svZxe1JvvIRmi8hUsrMvdOwgS1o6uBHmiz91geQ0ylPP0aj1VUA==",
      "engines": {
        "node": ">=12"
      }
    },
    "node_modules/d3-transition": {
      "version": "3.0.1",
      "resolved": "https://registry.npmjs.org/d3-transition/-/d3-transition-3.0.1.tgz",
      "integrity": "sha512-ApKvfjsSR6tg06xrL434C0WydLr7JewBB3V+/39RMHsaXTOG0zmt/OAXeng5M5LBm0ojmxJrpomQVZ1aPvBL4w==",
      "dependencies": {
        "d3-color": "1 - 3",
        "d3-dispatch": "1 - 3",
        "d3-ease": "1 - 3",
        "d3-interpolate": "1 - 3",
        "d3-timer": "1 - 3"
      },
      "engines": {
        "node": ">=12"
      },
      "peerDependencies": {
        "d3-selection": "2 - 3"
      }
    },
    "node_modules/d3-zoom": {
      "version": "3.0.0",
      "resolved": "https://registry.npmjs.org/d3-zoom/-/d3-zoom-3.0.0.tgz",
      "integrity": "sha512-b8AmV3kfQaqWAuacbPuNbL6vahnOJflOhexLzMMNLga62+/nh0JzvJ0aO/5a5MVgUFGS7Hu1P9P03o3fJkDCyw==",
      "dependencies": {
        "d3-dispatch": "1 - 3",
        "d3-drag": "2 - 3",
        "d3-interpolate": "1 - 3",
        "d3-selection": "2 - 3",
        "d3-transition": "2 - 3"
      },
      "engines": {
        "node": ">=12"
      }
    },
    "node_modules/datatables": {
      "version": "1.10.18",
      "resolved": "https://registry.npmjs.org/datatables/-/datatables-1.10.18.tgz",
      "integrity": "sha512-ntatMgS9NN6UMpwbmO+QkYJuKlVeMA2Mi0Gu/QxyIh+dW7ZjLSDhPT2tWlzjpIWEkDYgieDzS9Nu7bdQCW0sbQ==",
      "dependencies": {
        "jquery": ">=1.7"
      }
    },
    "node_modules/delaunator": {
      "version": "5.0.0",
      "resolved": "https://registry.npmjs.org/delaunator/-/delaunator-5.0.0.tgz",
      "integrity": "sha512-AyLvtyJdbv/U1GkiS6gUUzclRoAY4Gs75qkMygJJhU75LW4DNuSF2RMzpxs9jw9Oz1BobHjTdkG3zdP55VxAqw==",
      "dependencies": {
        "robust-predicates": "^3.0.0"
      }
    },
    "node_modules/desandro-matches-selector": {
      "version": "2.0.2",
      "resolved": "https://registry.npmjs.org/desandro-matches-selector/-/desandro-matches-selector-2.0.2.tgz",
      "integrity": "sha1-cXvu1NwT59jzdi9wem1YpndCGOE= sha512-+1q0nXhdzg1IpIJdMKalUwvvskeKnYyEe3shPRwedNcWtnhEKT3ZxvFjzywHDeGcKViIxTCAoOYQWP1qD7VNyg=="
    },
    "node_modules/devbridge-autocomplete": {
      "version": "1.4.11",
      "resolved": "https://registry.npmjs.org/devbridge-autocomplete/-/devbridge-autocomplete-1.4.11.tgz",
      "integrity": "sha512-lRU1y9IKyPm45NKDMcujszJoftw+wqxKbtcNJoMx+LywJQJdDwjg/s4lwLYR4vyQQ6VTcUaIeveLMkZTqorBIA==",
      "dependencies": {
        "@types/jquery": "^2.0.32",
        "jquery": ">=1.7"
      }
    },
    "node_modules/ev-emitter": {
      "version": "1.1.1",
      "resolved": "https://registry.npmjs.org/ev-emitter/-/ev-emitter-1.1.1.tgz",
      "integrity": "sha512-ipiDYhdQSCZ4hSbX4rMW+XzNKMD1prg/sTvoVmSLkuQ1MVlwjJQQA+sW8tMYR3BLUr9KjodFV4pvzunvRhd33Q=="
    },
    "node_modules/fizzy-ui-utils": {
      "version": "2.0.7",
      "resolved": "https://registry.npmjs.org/fizzy-ui-utils/-/fizzy-ui-utils-2.0.7.tgz",
      "integrity": "sha512-CZXDVXQ1If3/r8s0T+v+qVeMshhfcuq0rqIFgJnrtd+Bu8GmDmqMjntjUePypVtjHXKJ6V4sw9zeyox34n9aCg==",
      "dependencies": {
        "desandro-matches-selector": "^2.0.0"
      }
    },
    "node_modules/get-size": {
      "version": "2.0.3",
      "resolved": "https://registry.npmjs.org/get-size/-/get-size-2.0.3.tgz",
      "integrity": "sha512-lXNzT/h/dTjTxRbm9BXb+SGxxzkm97h/PCIKtlN/CBCxxmkkIVV21udumMS93MuVTDX583gqc94v3RjuHmI+2Q=="
    },
    "node_modules/iconv-lite": {
      "version": "0.6.3",
      "resolved": "https://registry.npmjs.org/iconv-lite/-/iconv-lite-0.6.3.tgz",
      "integrity": "sha512-4fCk79wshMdzMp2rH06qWrJE4iolqLhCUH+OiuIgU++RB0+94NlDL81atO7GX55uUKueo0txHNtvEyI6D7WdMw==",
      "dependencies": {
        "safer-buffer": ">= 2.1.2 < 3.0.0"
      },
      "engines": {
        "node": ">=0.10.0"
      }
    },
    "node_modules/internmap": {
      "version": "2.0.1",
      "resolved": "https://registry.npmjs.org/internmap/-/internmap-2.0.1.tgz",
      "integrity": "sha512-Ujwccrj9FkGqjbY3iVoxD1VV+KdZZeENx0rphrtzmRXbFvkFO88L80BL/zeSIguX/7T+y8k04xqtgWgS5vxwxw==",
      "engines": {
        "node": ">=12"
      }
    },
    "node_modules/jquery": {
      "version": "3.6.4",
      "resolved": "https://registry.npmjs.org/jquery/-/jquery-3.6.4.tgz",
      "integrity": "sha512-v28EW9DWDFpzcD9O5iyJXg3R3+q+mET5JhnjJzQUZMHOv67bpSIHq81GEYpPNZHG+XXHsfSme3nxp/hndKEcsQ=="
    },
    "node_modules/masonry-layout": {
      "version": "4.2.2",
      "resolved": "https://registry.npmjs.org/masonry-layout/-/masonry-layout-4.2.2.tgz",
      "integrity": "sha512-iGtAlrpHNyxaR19CvKC3npnEcAwszXoyJiI8ARV2ePi7fmYhIud25MHK8Zx4P0LCC4d3TNO9+rFa1KoK1OEOaA==",
      "dependencies": {
        "get-size": "^2.0.2",
        "outlayer": "^2.1.0"
      }
    },
    "node_modules/metrics-graphics": {
      "version": "3.0.0-beta1",
      "resolved": "https://registry.npmjs.org/metrics-graphics/-/metrics-graphics-3.0.0-beta1.tgz",
      "integrity": "sha512-Zl5AuEvik+d87t73bT73LDAknuPxHUdbBfxiiKtqEvUbWxz+DDqGypY/fLOZgXvtzDDLN550HVyNAJlV5pqUPg==",
      "dependencies": {
        "d3": "^7.4.4"
      },
      "engines": {
        "node": ">=0.8.0"
      }
    },
    "node_modules/outlayer": {
      "version": "2.1.1",
      "resolved": "https://registry.npmjs.org/outlayer/-/outlayer-2.1.1.tgz",
      "integrity": "sha1-KYY7beEOpdrf/8rfoNcokHOH6aI= sha512-+GplXsCQ3VrbGujAeHEzP9SXsBmJxzn/YdDSQZL0xqBmAWBmortu2Y9Gwdp9J0bgDQ8/YNIPMoBM13nTwZfAhw==",
      "dependencies": {
        "ev-emitter": "^1.0.0",
        "fizzy-ui-utils": "^2.0.0",
        "get-size": "^2.0.2"
      }
    },
    "node_modules/popper.js": {
      "version": "1.16.1",
      "resolved": "https://registry.npmjs.org/popper.js/-/popper.js-1.16.1.tgz",
      "integrity": "sha512-Wb4p1J4zyFTbM+u6WuO4XstYx4Ky9Cewe4DWrel7B0w6VVICvPwdOpotjzcf6eD8TsckVnIMNONQyPIUFOUbCQ==",
      "deprecated": "You can find the new Popper v2 at @popperjs/core, this package is dedicated to the legacy v1",
      "funding": {
        "type": "opencollective",
        "url": "https://opencollective.com/popperjs"
      }
    },
    "node_modules/robust-predicates": {
      "version": "3.0.1",
      "resolved": "https://registry.npmjs.org/robust-predicates/-/robust-predicates-3.0.1.tgz",
      "integrity": "sha512-ndEIpszUHiG4HtDsQLeIuMvRsDnn8c8rYStabochtUeCvfuvNptb5TUbVD68LRAILPX7p9nqQGh4xJgn3EHS/g=="
    },
    "node_modules/rw": {
      "version": "1.3.3",
      "resolved": "https://registry.npmjs.org/rw/-/rw-1.3.3.tgz",
      "integrity": "sha1-P4Yt+pGrdmsUiF700BEkv9oHT7Q= sha512-PdhdWy89SiZogBLaw42zdeqtRJ//zFd2PgQavcICDUgJT5oW10QCRKbJ6bg4r0/UY2M6BWd5tkxuGFRvCkgfHQ=="
    },
    "node_modules/safer-buffer": {
      "version": "2.1.2",
      "resolved": "https://registry.npmjs.org/safer-buffer/-/safer-buffer-2.1.2.tgz",
      "integrity": "sha512-YZo3K82SD7Riyi0E1EQPojLz7kpepnSQI9IyPbHHg1XXXevb5dJI7tpyN2ADxGcQbHG7vcyRHk0cbwqcQriUtg=="
    },
    "node_modules/shariff": {
      "version": "3.2.1",
      "resolved": "https://registry.npmjs.org/shariff/-/shariff-3.2.1.tgz",
      "integrity": "sha512-+J4RDqL5ddEsEdX/z/8OkuJsfUPkTTLwdINbTvKPJ0FAT4RuDgdA1xf8gOJMBfeK8IJnMkcNtuaUR7f8tjPNig==",
      "dependencies": {
        "@fortawesome/fontawesome-free": "^5.8.2",
        "jquery": "^3.4.1"
      }
    },
    "node_modules/Sortable": {
      "name": "sortablejs",
      "version": "1.15.0",
      "resolved": "git+ssh://git@github.com/RubaXa/Sortable.git#babf6ab85fdfc5e13be1027827cecfbba2fb0d1e",
      "license": "MIT"
    },
    "node_modules/tinymce": {
      "version": "5.10.7",
      "resolved": "https://registry.npmjs.org/tinymce/-/tinymce-5.10.7.tgz",
      "integrity": "sha512-9UUjaO0R7FxcFo0oxnd1lMs7H+D0Eh+dDVo5hKbVe1a+VB0nit97vOqlinj+YwgoBDt6/DSCUoWqAYlLI8BLYA=="
    },
    "node_modules/yarn": {
      "version": "1.22.19",
      "resolved": "https://registry.npmjs.org/yarn/-/yarn-1.22.19.tgz",
      "integrity": "sha512-/0V5q0WbslqnwP91tirOvldvYISzaqhClxzyUKXYxs07yUILIs5jx/k6CFe8bvKSkds5w+eiOqta39Wk3WxdcQ==",
      "hasInstallScript": true,
      "bin": {
        "yarn": "bin/yarn.js",
        "yarnpkg": "bin/yarn.js"
      },
      "engines": {
        "node": ">=4.0.0"
      }
    }
  },
  "dependencies": {
    "@fortawesome/fontawesome-free": {
      "version": "5.14.0",
      "resolved": "https://registry.npmjs.org/@fortawesome/fontawesome-free/-/fontawesome-free-5.14.0.tgz",
      "integrity": "sha512-OfdMsF+ZQgdKHP9jUbmDcRrP0eX90XXrsXIdyjLbkmSBzmMXPABB8eobUJtivaupucYaByz6WNe1PI1JuYm3qA=="
    },
    "@popperjs/core": {
      "version": "2.11.6",
      "resolved": "https://registry.npmjs.org/@popperjs/core/-/core-2.11.6.tgz",
      "integrity": "sha512-50/17A98tWUfQ176raKiOGXuYpLyyVMkxxG6oylzL3BPOlA6ADGdK7EYunSa4I064xerltq9TGXs8HmOk5E+vw==",
      "peer": true
    },
    "@types/jquery": {
      "version": "2.0.54",
      "resolved": "https://registry.npmjs.org/@types/jquery/-/jquery-2.0.54.tgz",
      "integrity": "sha512-D/PomKwNkDfSKD13DEVQT/pq2TUjN54c6uB341fEZanIzkjfGe7UaFuuaLZbpEiS5j7Wk2MUHAZqZIoECw29lg=="
    },
    "bootstrap": {
      "version": "5.2.3",
      "resolved": "https://registry.npmjs.org/bootstrap/-/bootstrap-5.2.3.tgz",
      "integrity": "sha512-cEKPM+fwb3cT8NzQZYEu4HilJ3anCrWqh3CHAok1p9jXqMPsPTBhU25fBckEJHJ/p+tTxTFTsFQGM+gaHpi3QQ==",
      "requires": {}
    },
    "commander": {
      "version": "7.2.0",
      "resolved": "https://registry.npmjs.org/commander/-/commander-7.2.0.tgz",
      "integrity": "sha512-QrWXB+ZQSVPmIWIhtEO9H+gwHaMGYiF5ChvoJ+K9ZGHG/sVsa6yiesAD1GC/x46sET00Xlwo1u49RVVVzvcSkw=="
    },
    "components-font-awesome": {
      "version": "5.9.0",
      "resolved": "https://registry.npmjs.org/components-font-awesome/-/components-font-awesome-5.9.0.tgz",
      "integrity": "sha512-AjY5WwmKripvroQ1oYpCC4eK8efavSKUGN/ATgwcbyz/kRmojslH8l6Mrlxq071bdzBrZvCxi+RKgU5ao3bU+A=="
    },
    "d3": {
      "version": "7.8.4",
      "resolved": "https://registry.npmjs.org/d3/-/d3-7.8.4.tgz",
      "integrity": "sha512-q2WHStdhiBtD8DMmhDPyJmXUxr6VWRngKyiJ5EfXMxPw+tqT6BhNjhJZ4w3BHsNm3QoVfZLY8Orq/qPFczwKRA==",
      "requires": {
        "d3-array": "3",
        "d3-axis": "3",
        "d3-brush": "3",
        "d3-chord": "3",
        "d3-color": "3",
        "d3-contour": "4",
        "d3-delaunay": "6",
        "d3-dispatch": "3",
        "d3-drag": "3",
        "d3-dsv": "3",
        "d3-ease": "3",
        "d3-fetch": "3",
        "d3-force": "3",
        "d3-format": "3",
        "d3-geo": "3",
        "d3-hierarchy": "3",
        "d3-interpolate": "3",
        "d3-path": "3",
        "d3-polygon": "3",
        "d3-quadtree": "3",
        "d3-random": "3",
        "d3-scale": "4",
        "d3-scale-chromatic": "3",
        "d3-selection": "3",
        "d3-shape": "3",
        "d3-time": "3",
        "d3-time-format": "4",
        "d3-timer": "3",
        "d3-transition": "3",
        "d3-zoom": "3"
      }
    },
    "d3-array": {
      "version": "3.2.0",
      "resolved": "https://registry.npmjs.org/d3-array/-/d3-array-3.2.0.tgz",
      "integrity": "sha512-3yXFQo0oG3QCxbF06rMPFyGRMGJNS7NvsV1+2joOjbBE+9xvWQ8+GcMJAjRCzw06zQ3/arXeJgbPYcjUCuC+3g==",
      "requires": {
        "internmap": "1 - 2"
      }
    },
    "d3-axis": {
      "version": "3.0.0",
      "resolved": "https://registry.npmjs.org/d3-axis/-/d3-axis-3.0.0.tgz",
      "integrity": "sha512-IH5tgjV4jE/GhHkRV0HiVYPDtvfjHQlQfJHs0usq7M30XcSBvOotpmH1IgkcXsO/5gEQZD43B//fc7SRT5S+xw=="
    },
    "d3-brush": {
      "version": "3.0.0",
      "resolved": "https://registry.npmjs.org/d3-brush/-/d3-brush-3.0.0.tgz",
      "integrity": "sha512-ALnjWlVYkXsVIGlOsuWH1+3udkYFI48Ljihfnh8FZPF2QS9o+PzGLBslO0PjzVoHLZ2KCVgAM8NVkXPJB2aNnQ==",
      "requires": {
        "d3-dispatch": "1 - 3",
        "d3-drag": "2 - 3",
        "d3-interpolate": "1 - 3",
        "d3-selection": "3",
        "d3-transition": "3"
      }
    },
    "d3-chord": {
      "version": "3.0.1",
      "resolved": "https://registry.npmjs.org/d3-chord/-/d3-chord-3.0.1.tgz",
      "integrity": "sha512-VE5S6TNa+j8msksl7HwjxMHDM2yNK3XCkusIlpX5kwauBfXuyLAtNg9jCp/iHH61tgI4sb6R/EIMWCqEIdjT/g==",
      "requires": {
        "d3-path": "1 - 3"
      }
    },
    "d3-color": {
      "version": "3.1.0",
      "resolved": "https://registry.npmjs.org/d3-color/-/d3-color-3.1.0.tgz",
      "integrity": "sha512-zg/chbXyeBtMQ1LbD/WSoW2DpC3I0mpmPdW+ynRTj/x2DAWYrIY7qeZIHidozwV24m4iavr15lNwIwLxRmOxhA=="
    },
    "d3-contour": {
      "version": "4.0.0",
      "resolved": "https://registry.npmjs.org/d3-contour/-/d3-contour-4.0.0.tgz",
      "integrity": "sha512-7aQo0QHUTu/Ko3cP9YK9yUTxtoDEiDGwnBHyLxG5M4vqlBkO/uixMRele3nfsfj6UXOcuReVpVXzAboGraYIJw==",
      "requires": {
        "d3-array": "^3.2.0"
      }
    },
    "d3-delaunay": {
      "version": "6.0.2",
      "resolved": "https://registry.npmjs.org/d3-delaunay/-/d3-delaunay-6.0.2.tgz",
      "integrity": "sha512-IMLNldruDQScrcfT+MWnazhHbDJhcRJyOEBAJfwQnHle1RPh6WDuLvxNArUju2VSMSUuKlY5BGHRJ2cYyoFLQQ==",
      "requires": {
        "delaunator": "5"
      }
    },
    "d3-dispatch": {
      "version": "3.0.1",
      "resolved": "https://registry.npmjs.org/d3-dispatch/-/d3-dispatch-3.0.1.tgz",
      "integrity": "sha512-rzUyPU/S7rwUflMyLc1ETDeBj0NRuHKKAcvukozwhshr6g6c5d8zh4c2gQjY2bZ0dXeGLWc1PF174P2tVvKhfg=="
    },
    "d3-drag": {
      "version": "3.0.0",
      "resolved": "https://registry.npmjs.org/d3-drag/-/d3-drag-3.0.0.tgz",
      "integrity": "sha512-pWbUJLdETVA8lQNJecMxoXfH6x+mO2UQo8rSmZ+QqxcbyA3hfeprFgIT//HW2nlHChWeIIMwS2Fq+gEARkhTkg==",
      "requires": {
        "d3-dispatch": "1 - 3",
        "d3-selection": "3"
      }
    },
    "d3-dsv": {
      "version": "3.0.1",
      "resolved": "https://registry.npmjs.org/d3-dsv/-/d3-dsv-3.0.1.tgz",
      "integrity": "sha512-UG6OvdI5afDIFP9w4G0mNq50dSOsXHJaRE8arAS5o9ApWnIElp8GZw1Dun8vP8OyHOZ/QJUKUJwxiiCCnUwm+Q==",
      "requires": {
        "commander": "7",
        "iconv-lite": "0.6",
        "rw": "1"
      }
    },
    "d3-ease": {
      "version": "3.0.1",
      "resolved": "https://registry.npmjs.org/d3-ease/-/d3-ease-3.0.1.tgz",
      "integrity": "sha512-wR/XK3D3XcLIZwpbvQwQ5fK+8Ykds1ip7A2Txe0yxncXSdq1L9skcG7blcedkOX+ZcgxGAmLX1FrRGbADwzi0w=="
    },
    "d3-fetch": {
      "version": "3.0.1",
      "resolved": "https://registry.npmjs.org/d3-fetch/-/d3-fetch-3.0.1.tgz",
      "integrity": "sha512-kpkQIM20n3oLVBKGg6oHrUchHM3xODkTzjMoj7aWQFq5QEM+R6E4WkzT5+tojDY7yjez8KgCBRoj4aEr99Fdqw==",
      "requires": {
        "d3-dsv": "1 - 3"
      }
    },
    "d3-force": {
      "version": "3.0.0",
      "resolved": "https://registry.npmjs.org/d3-force/-/d3-force-3.0.0.tgz",
      "integrity": "sha512-zxV/SsA+U4yte8051P4ECydjD/S+qeYtnaIyAs9tgHCqfguma/aAQDjo85A9Z6EKhBirHRJHXIgJUlffT4wdLg==",
      "requires": {
        "d3-dispatch": "1 - 3",
        "d3-quadtree": "1 - 3",
        "d3-timer": "1 - 3"
      }
    },
    "d3-format": {
      "version": "3.0.1",
      "resolved": "https://registry.npmjs.org/d3-format/-/d3-format-3.0.1.tgz",
      "integrity": "sha512-hdL7+HBIohpgfolhBxr1KX47VMD6+vVD/oEFrxk5yhmzV2prk99EkFKYpXuhVkFpTgHdJ6/4bYcjdLPPXV4tIA=="
    },
    "d3-geo": {
      "version": "3.0.1",
      "resolved": "https://registry.npmjs.org/d3-geo/-/d3-geo-3.0.1.tgz",
      "integrity": "sha512-Wt23xBych5tSy9IYAM1FR2rWIBFWa52B/oF/GYe5zbdHrg08FU8+BuI6X4PvTwPDdqdAdq04fuWJpELtsaEjeA==",
      "requires": {
        "d3-array": "2.5.0 - 3"
      }
    },
    "d3-hierarchy": {
      "version": "3.0.1",
      "resolved": "https://registry.npmjs.org/d3-hierarchy/-/d3-hierarchy-3.0.1.tgz",
      "integrity": "sha512-RlLTaofEoOrMK1JoXYIGhKTkJFI/6rFrYPgxy6QlZo2BcVc4HGTqEU0rPpzuMq5T/5XcMtAzv1XiLA3zRTfygw=="
    },
    "d3-interpolate": {
      "version": "3.0.1",
      "resolved": "https://registry.npmjs.org/d3-interpolate/-/d3-interpolate-3.0.1.tgz",
      "integrity": "sha512-3bYs1rOD33uo8aqJfKP3JWPAibgw8Zm2+L9vBKEHJ2Rg+viTR7o5Mmv5mZcieN+FRYaAOWX5SJATX6k1PWz72g==",
      "requires": {
        "d3-color": "1 - 3"
      }
    },
    "d3-path": {
      "version": "3.0.1",
      "resolved": "https://registry.npmjs.org/d3-path/-/d3-path-3.0.1.tgz",
      "integrity": "sha512-gq6gZom9AFZby0YLduxT1qmrp4xpBA1YZr19OI717WIdKE2OM5ETq5qrHLb301IgxhLwcuxvGZVLeeWc/k1I6w=="
    },
    "d3-polygon": {
      "version": "3.0.1",
      "resolved": "https://registry.npmjs.org/d3-polygon/-/d3-polygon-3.0.1.tgz",
      "integrity": "sha512-3vbA7vXYwfe1SYhED++fPUQlWSYTTGmFmQiany/gdbiWgU/iEyQzyymwL9SkJjFFuCS4902BSzewVGsHHmHtXg=="
    },
    "d3-quadtree": {
      "version": "3.0.1",
      "resolved": "https://registry.npmjs.org/d3-quadtree/-/d3-quadtree-3.0.1.tgz",
      "integrity": "sha512-04xDrxQTDTCFwP5H6hRhsRcb9xxv2RzkcsygFzmkSIOJy3PeRJP7sNk3VRIbKXcog561P9oU0/rVH6vDROAgUw=="
    },
    "d3-random": {
      "version": "3.0.1",
      "resolved": "https://registry.npmjs.org/d3-random/-/d3-random-3.0.1.tgz",
      "integrity": "sha512-FXMe9GfxTxqd5D6jFsQ+DJ8BJS4E/fT5mqqdjovykEB2oFbTMDVdg1MGFxfQW+FBOGoB++k8swBrgwSHT1cUXQ=="
    },
    "d3-scale": {
      "version": "4.0.0",
      "resolved": "https://registry.npmjs.org/d3-scale/-/d3-scale-4.0.0.tgz",
      "integrity": "sha512-foHQYKpWQcyndH1CGoHdUC4PECxTxonzwwBXGT8qu+Drb1FIc6ON6dG2P5f4hRRMkLiIKeWK7iFtdznDUrnuPQ==",
      "requires": {
        "d3-array": "2.10.0 - 3",
        "d3-format": "1 - 3",
        "d3-interpolate": "1.2.0 - 3",
        "d3-time": "2.1.1 - 3",
        "d3-time-format": "2 - 4"
      }
    },
    "d3-scale-chromatic": {
      "version": "3.0.0",
      "resolved": "https://registry.npmjs.org/d3-scale-chromatic/-/d3-scale-chromatic-3.0.0.tgz",
      "integrity": "sha512-Lx9thtxAKrO2Pq6OO2Ua474opeziKr279P/TKZsMAhYyNDD3EnCffdbgeSYN5O7m2ByQsxtuP2CSDczNUIZ22g==",
      "requires": {
        "d3-color": "1 - 3",
        "d3-interpolate": "1 - 3"
      }
    },
    "d3-selection": {
      "version": "3.0.0",
      "resolved": "https://registry.npmjs.org/d3-selection/-/d3-selection-3.0.0.tgz",
      "integrity": "sha512-fmTRWbNMmsmWq6xJV8D19U/gw/bwrHfNXxrIN+HfZgnzqTHp9jOmKMhsTUjXOJnZOdZY9Q28y4yebKzqDKlxlQ=="
    },
    "d3-shape": {
      "version": "3.0.1",
      "resolved": "https://registry.npmjs.org/d3-shape/-/d3-shape-3.0.1.tgz",
      "integrity": "sha512-HNZNEQoDhuCrDWEc/BMbF/hKtzMZVoe64TvisFLDp2Iyj0UShB/E6/lBsLlJTfBMbYgftHj90cXJ0SEitlE6Xw==",
      "requires": {
        "d3-path": "1 - 3"
      }
    },
    "d3-time": {
      "version": "3.0.0",
      "resolved": "https://registry.npmjs.org/d3-time/-/d3-time-3.0.0.tgz",
      "integrity": "sha512-zmV3lRnlaLI08y9IMRXSDshQb5Nj77smnfpnd2LrBa/2K281Jijactokeak14QacHs/kKq0AQ121nidNYlarbQ==",
      "requires": {
        "d3-array": "2 - 3"
      }
    },
    "d3-time-format": {
      "version": "4.0.0",
      "resolved": "https://registry.npmjs.org/d3-time-format/-/d3-time-format-4.0.0.tgz",
      "integrity": "sha512-nzaCwlj+ZVBIlFuVOT1RmU+6xb/7D5IcnhHzHQcBgS/aTa5K9fWZNN5LCXA27LgF5WxoSNJqKBbLcGMtM6Ca6A==",
      "requires": {
        "d3-time": "1 - 3"
      }
    },
    "d3-timer": {
      "version": "3.0.1",
      "resolved": "https://registry.npmjs.org/d3-timer/-/d3-timer-3.0.1.tgz",
      "integrity": "sha512-ndfJ/JxxMd3nw31uyKoY2naivF+r29V+Lc0svZxe1JvvIRmi8hUsrMvdOwgS1o6uBHmiz91geQ0ylPP0aj1VUA=="
    },
    "d3-transition": {
      "version": "3.0.1",
      "resolved": "https://registry.npmjs.org/d3-transition/-/d3-transition-3.0.1.tgz",
      "integrity": "sha512-ApKvfjsSR6tg06xrL434C0WydLr7JewBB3V+/39RMHsaXTOG0zmt/OAXeng5M5LBm0ojmxJrpomQVZ1aPvBL4w==",
      "requires": {
        "d3-color": "1 - 3",
        "d3-dispatch": "1 - 3",
        "d3-ease": "1 - 3",
        "d3-interpolate": "1 - 3",
        "d3-timer": "1 - 3"
      }
    },
    "d3-zoom": {
      "version": "3.0.0",
      "resolved": "https://registry.npmjs.org/d3-zoom/-/d3-zoom-3.0.0.tgz",
      "integrity": "sha512-b8AmV3kfQaqWAuacbPuNbL6vahnOJflOhexLzMMNLga62+/nh0JzvJ0aO/5a5MVgUFGS7Hu1P9P03o3fJkDCyw==",
      "requires": {
        "d3-dispatch": "1 - 3",
        "d3-drag": "2 - 3",
        "d3-interpolate": "1 - 3",
        "d3-selection": "2 - 3",
        "d3-transition": "2 - 3"
      }
    },
    "datatables": {
      "version": "1.10.18",
      "resolved": "https://registry.npmjs.org/datatables/-/datatables-1.10.18.tgz",
      "integrity": "sha512-ntatMgS9NN6UMpwbmO+QkYJuKlVeMA2Mi0Gu/QxyIh+dW7ZjLSDhPT2tWlzjpIWEkDYgieDzS9Nu7bdQCW0sbQ==",
      "requires": {
        "jquery": ">=1.7"
      }
    },
    "delaunator": {
      "version": "5.0.0",
      "resolved": "https://registry.npmjs.org/delaunator/-/delaunator-5.0.0.tgz",
      "integrity": "sha512-AyLvtyJdbv/U1GkiS6gUUzclRoAY4Gs75qkMygJJhU75LW4DNuSF2RMzpxs9jw9Oz1BobHjTdkG3zdP55VxAqw==",
      "requires": {
        "robust-predicates": "^3.0.0"
      }
    },
    "desandro-matches-selector": {
      "version": "2.0.2",
      "resolved": "https://registry.npmjs.org/desandro-matches-selector/-/desandro-matches-selector-2.0.2.tgz",
      "integrity": "sha1-cXvu1NwT59jzdi9wem1YpndCGOE= sha512-+1q0nXhdzg1IpIJdMKalUwvvskeKnYyEe3shPRwedNcWtnhEKT3ZxvFjzywHDeGcKViIxTCAoOYQWP1qD7VNyg=="
    },
    "devbridge-autocomplete": {
      "version": "1.4.11",
      "resolved": "https://registry.npmjs.org/devbridge-autocomplete/-/devbridge-autocomplete-1.4.11.tgz",
      "integrity": "sha512-lRU1y9IKyPm45NKDMcujszJoftw+wqxKbtcNJoMx+LywJQJdDwjg/s4lwLYR4vyQQ6VTcUaIeveLMkZTqorBIA==",
      "requires": {
        "@types/jquery": "^2.0.32",
        "jquery": ">=1.7"
      }
    },
    "ev-emitter": {
      "version": "1.1.1",
      "resolved": "https://registry.npmjs.org/ev-emitter/-/ev-emitter-1.1.1.tgz",
      "integrity": "sha512-ipiDYhdQSCZ4hSbX4rMW+XzNKMD1prg/sTvoVmSLkuQ1MVlwjJQQA+sW8tMYR3BLUr9KjodFV4pvzunvRhd33Q=="
    },
    "fizzy-ui-utils": {
      "version": "2.0.7",
      "resolved": "https://registry.npmjs.org/fizzy-ui-utils/-/fizzy-ui-utils-2.0.7.tgz",
      "integrity": "sha512-CZXDVXQ1If3/r8s0T+v+qVeMshhfcuq0rqIFgJnrtd+Bu8GmDmqMjntjUePypVtjHXKJ6V4sw9zeyox34n9aCg==",
      "requires": {
        "desandro-matches-selector": "^2.0.0"
      }
    },
    "get-size": {
      "version": "2.0.3",
      "resolved": "https://registry.npmjs.org/get-size/-/get-size-2.0.3.tgz",
      "integrity": "sha512-lXNzT/h/dTjTxRbm9BXb+SGxxzkm97h/PCIKtlN/CBCxxmkkIVV21udumMS93MuVTDX583gqc94v3RjuHmI+2Q=="
    },
    "iconv-lite": {
      "version": "0.6.3",
      "resolved": "https://registry.npmjs.org/iconv-lite/-/iconv-lite-0.6.3.tgz",
      "integrity": "sha512-4fCk79wshMdzMp2rH06qWrJE4iolqLhCUH+OiuIgU++RB0+94NlDL81atO7GX55uUKueo0txHNtvEyI6D7WdMw==",
      "requires": {
        "safer-buffer": ">= 2.1.2 < 3.0.0"
      }
    },
    "internmap": {
      "version": "2.0.1",
      "resolved": "https://registry.npmjs.org/internmap/-/internmap-2.0.1.tgz",
      "integrity": "sha512-Ujwccrj9FkGqjbY3iVoxD1VV+KdZZeENx0rphrtzmRXbFvkFO88L80BL/zeSIguX/7T+y8k04xqtgWgS5vxwxw=="
    },
    "jquery": {
      "version": "3.6.4",
      "resolved": "https://registry.npmjs.org/jquery/-/jquery-3.6.4.tgz",
      "integrity": "sha512-v28EW9DWDFpzcD9O5iyJXg3R3+q+mET5JhnjJzQUZMHOv67bpSIHq81GEYpPNZHG+XXHsfSme3nxp/hndKEcsQ=="
    },
    "masonry-layout": {
      "version": "4.2.2",
      "resolved": "https://registry.npmjs.org/masonry-layout/-/masonry-layout-4.2.2.tgz",
      "integrity": "sha512-iGtAlrpHNyxaR19CvKC3npnEcAwszXoyJiI8ARV2ePi7fmYhIud25MHK8Zx4P0LCC4d3TNO9+rFa1KoK1OEOaA==",
      "requires": {
        "get-size": "^2.0.2",
        "outlayer": "^2.1.0"
      }
    },
    "metrics-graphics": {
      "version": "3.0.0-beta1",
      "resolved": "https://registry.npmjs.org/metrics-graphics/-/metrics-graphics-3.0.0-beta1.tgz",
      "integrity": "sha512-Zl5AuEvik+d87t73bT73LDAknuPxHUdbBfxiiKtqEvUbWxz+DDqGypY/fLOZgXvtzDDLN550HVyNAJlV5pqUPg==",
      "requires": {
        "d3": "^7.4.4"
      }
    },
    "outlayer": {
      "version": "2.1.1",
      "resolved": "https://registry.npmjs.org/outlayer/-/outlayer-2.1.1.tgz",
      "integrity": "sha1-KYY7beEOpdrf/8rfoNcokHOH6aI= sha512-+GplXsCQ3VrbGujAeHEzP9SXsBmJxzn/YdDSQZL0xqBmAWBmortu2Y9Gwdp9J0bgDQ8/YNIPMoBM13nTwZfAhw==",
      "requires": {
        "ev-emitter": "^1.0.0",
        "fizzy-ui-utils": "^2.0.0",
        "get-size": "^2.0.2"
      }
    },
    "popper.js": {
      "version": "1.16.1",
      "resolved": "https://registry.npmjs.org/popper.js/-/popper.js-1.16.1.tgz",
      "integrity": "sha512-Wb4p1J4zyFTbM+u6WuO4XstYx4Ky9Cewe4DWrel7B0w6VVICvPwdOpotjzcf6eD8TsckVnIMNONQyPIUFOUbCQ=="
    },
    "robust-predicates": {
      "version": "3.0.1",
      "resolved": "https://registry.npmjs.org/robust-predicates/-/robust-predicates-3.0.1.tgz",
      "integrity": "sha512-ndEIpszUHiG4HtDsQLeIuMvRsDnn8c8rYStabochtUeCvfuvNptb5TUbVD68LRAILPX7p9nqQGh4xJgn3EHS/g=="
    },
    "rw": {
      "version": "1.3.3",
      "resolved": "https://registry.npmjs.org/rw/-/rw-1.3.3.tgz",
      "integrity": "sha1-P4Yt+pGrdmsUiF700BEkv9oHT7Q= sha512-PdhdWy89SiZogBLaw42zdeqtRJ//zFd2PgQavcICDUgJT5oW10QCRKbJ6bg4r0/UY2M6BWd5tkxuGFRvCkgfHQ=="
    },
    "safer-buffer": {
      "version": "2.1.2",
      "resolved": "https://registry.npmjs.org/safer-buffer/-/safer-buffer-2.1.2.tgz",
      "integrity": "sha512-YZo3K82SD7Riyi0E1EQPojLz7kpepnSQI9IyPbHHg1XXXevb5dJI7tpyN2ADxGcQbHG7vcyRHk0cbwqcQriUtg=="
    },
    "shariff": {
      "version": "3.2.1",
      "resolved": "https://registry.npmjs.org/shariff/-/shariff-3.2.1.tgz",
      "integrity": "sha512-+J4RDqL5ddEsEdX/z/8OkuJsfUPkTTLwdINbTvKPJ0FAT4RuDgdA1xf8gOJMBfeK8IJnMkcNtuaUR7f8tjPNig==",
      "requires": {
        "@fortawesome/fontawesome-free": "^5.8.2",
        "jquery": "^3.4.1"
      }
    },
    "Sortable": {
      "version": "git+ssh://git@github.com/RubaXa/Sortable.git#babf6ab85fdfc5e13be1027827cecfbba2fb0d1e",
      "from": "Sortable@RubaXa/Sortable#1.15.0"
    },
    "tinymce": {
      "version": "5.10.7",
      "resolved": "https://registry.npmjs.org/tinymce/-/tinymce-5.10.7.tgz",
      "integrity": "sha512-9UUjaO0R7FxcFo0oxnd1lMs7H+D0Eh+dDVo5hKbVe1a+VB0nit97vOqlinj+YwgoBDt6/DSCUoWqAYlLI8BLYA=="
    },
    "yarn": {
      "version": "1.22.19",
      "resolved": "https://registry.npmjs.org/yarn/-/yarn-1.22.19.tgz",
      "integrity": "sha512-/0V5q0WbslqnwP91tirOvldvYISzaqhClxzyUKXYxs07yUILIs5jx/k6CFe8bvKSkds5w+eiOqta39Wk3WxdcQ=="
    }
  }
}
