{
  "name": "wger",
  "version": "2.4.alpha1",
  "lockfileVersion": 3,
  "requires": true,
  "packages": {
    "": {
      "name": "wger",
      "version": "2.4.alpha1",
      "license": "AGPL-3.0",
      "dependencies": {
        "@popperjs/core": "^2.11.8",
        "@wger-project/react-components": "0.1.4",
        "bootstrap": "5.3.8",
        "datatables.net-bs5": "^2.3.4",
        "devbridge-autocomplete": "^1.5.0",
        "htmx.org": "^2.0.7",
        "jquery": "^3.7.1",
        "masonry-layout": "^4.2.2",
        "popper.js": "^1.16.1"
      }
    },
    "../react": {
      "name": "@wger-project/react-components",
      "version": "0.1.4",
      "dependencies": {
        "@emotion/babel-plugin": "^11.13.5",
        "@emotion/react": "^11.14.0",
        "@emotion/styled": "^11.14.1",
        "@hello-pangea/dnd": "^18.0.1",
        "@mui/icons-material": "^7.3.4",
        "@mui/lab": "^7.0.1-beta.18",
        "@mui/material": "^7.3.4",
        "@mui/system": "^7.3.3",
        "@mui/x-data-grid": "^8.14.0",
        "@mui/x-date-pickers": "^8.14.0",
        "@tanstack/react-query": "^5.90.2",
        "@vitejs/plugin-react": "^5.0.4",
        "axios": "^1.12.2",
        "formik": "^2.4.6",
        "history": "^5.3.0",
        "i18next": "^25.6.0",
        "i18next-browser-languagedetector": "^8.2.0",
        "i18next-http-backend": "^3.0.2",
        "luxon": "^3.7.2",
        "react": "^19.2.0",
        "react-dom": "^19.2.0",
        "react-i18next": "^16.0.0",
        "react-is": "^19.2.0",
        "react-responsive": "^10.0.1",
        "react-router-dom": "^7.9.4",
        "react-simple-wysiwyg": "^3.4.1",
        "recharts": "^3.2.1",
        "slug": "^9.1.0",
        "typescript": "^5.9.3",
        "vite-tsconfig-paths": "^5.1.4",
        "web-vitals": "^5.1.0",
        "yup": "^1.7.1"
      },
      "devDependencies": {
        "@eslint/js": "^9.37.0",
        "@tanstack/react-query-devtools": "^5.90.2",
        "@testing-library/dom": "^10.4.1",
        "@testing-library/jest-dom": "^6.9.1",
        "@testing-library/react": "^16.3.0",
        "@testing-library/user-event": "^14.6.1",
        "@types/jest": "^30.0.0",
        "@types/lodash": "^4.17.20",
        "@types/luxon": "^3.7.1",
        "@types/node": "^22.18.9",
        "@types/react": "^19.2.2",
        "@types/react-dom": "^19.2.1",
        "@types/react-is": "^19.2.0",
        "@types/recharts": "^2.0.1",
        "@types/slug": "^5.0.9",
        "@typescript-eslint/eslint-plugin": "^8.46.0",
        "@typescript-eslint/parser": "^8.46.0",
        "eslint": "^9.37.0",
        "eslint-plugin-import": "^2.32.0",
        "eslint-plugin-jsx-a11y": "^6.10.2",
        "eslint-plugin-react": "^7.37.5",
        "eslint-plugin-react-hooks": "^7.0.0",
        "i18next-parser": "^9.3.0",
        "jest": "^30.2.0",
        "jest-environment-jsdom": "^30.2.0",
        "jsdom": "^27.0.0",
        "ts-jest": "^29.4.5",
        "typescript-eslint": "^8.46.0",
        "vite": "^7.1.9",
        "vite-plugin-eslint": "^1.8.1",
        "vitest": "^3.2.4"
      }
    },
    "node_modules/@popperjs/core": {
      "version": "2.11.8",
      "resolved": "https://registry.npmjs.org/@popperjs/core/-/core-2.11.8.tgz",
      "integrity": "sha512-P1st0aksCrn9sGZhp8GMYwBnQsbvAWsZAX44oXNNvLHGqAOcoVxmjZiohstwQ7SqKnbR47akdNi+uleWD8+g6A==",
      "license": "MIT",
      "funding": {
        "type": "opencollective",
        "url": "https://opencollective.com/popperjs"
      }
    },
    "node_modules/@wger-project/react-components": {
      "resolved": "../react",
      "link": true
    },
    "node_modules/bootstrap": {
      "version": "5.3.8",
      "resolved": "https://registry.npmjs.org/bootstrap/-/bootstrap-5.3.8.tgz",
      "integrity": "sha512-HP1SZDqaLDPwsNiqRqi5NcP0SSXciX2s9E+RyqJIIqGo+vJeN5AJVM98CXmW/Wux0nQ5L7jeWUdplCEf0Ee+tg==",
      "funding": [
        {
          "type": "github",
          "url": "https://github.com/sponsors/twbs"
        },
        {
          "type": "opencollective",
          "url": "https://opencollective.com/bootstrap"
        }
      ],
      "license": "MIT",
      "peerDependencies": {
        "@popperjs/core": "^2.11.8"
      }
    },
    "node_modules/datatables.net": {
      "version": "2.3.4",
      "resolved": "https://registry.npmjs.org/datatables.net/-/datatables.net-2.3.4.tgz",
      "integrity": "sha512-fKuRlrBIdpAl2uIFgl9enKecHB41QmFd/2nN9LBbOvItV/JalAxLcyqdZXex7wX4ZXjnJQEnv6xeS9veOpKzSw==",
      "license": "MIT",
      "dependencies": {
        "jquery": ">=1.7"
      }
    },
    "node_modules/datatables.net-bs5": {
      "version": "2.3.4",
      "resolved": "https://registry.npmjs.org/datatables.net-bs5/-/datatables.net-bs5-2.3.4.tgz",
      "integrity": "sha512-OSoPWhNfiU71VjNP604uTmFRxiX32U7SCW0KRZ2X6z3ZYbIwjjoWcMEjjPWOH3uOqaI0OTDBgOgOs5G28VaJog==",
      "license": "MIT",
      "dependencies": {
        "datatables.net": "2.3.4",
        "jquery": ">=1.7"
      }
    },
    "node_modules/desandro-matches-selector": {
      "version": "2.0.2",
      "resolved": "https://registry.npmjs.org/desandro-matches-selector/-/desandro-matches-selector-2.0.2.tgz",
      "integrity": "sha512-+1q0nXhdzg1IpIJdMKalUwvvskeKnYyEe3shPRwedNcWtnhEKT3ZxvFjzywHDeGcKViIxTCAoOYQWP1qD7VNyg==",
      "license": "MIT"
    },
    "node_modules/devbridge-autocomplete": {
      "version": "1.5.0",
      "resolved": "https://registry.npmjs.org/devbridge-autocomplete/-/devbridge-autocomplete-1.5.0.tgz",
      "integrity": "sha512-yz6W76PyXS9DtuyYbQtVcpxtkI8pQ02EQwZeNWnqUJXmM5jSmsPFKmpFEBneImcHwYJrMf3+6m86Hj2MRPELGQ==",
      "license": "MIT",
      "peerDependencies": {
        "jquery": ">=1.9"
      }
    },
    "node_modules/ev-emitter": {
      "version": "1.1.1",
      "resolved": "https://registry.npmjs.org/ev-emitter/-/ev-emitter-1.1.1.tgz",
      "integrity": "sha512-ipiDYhdQSCZ4hSbX4rMW+XzNKMD1prg/sTvoVmSLkuQ1MVlwjJQQA+sW8tMYR3BLUr9KjodFV4pvzunvRhd33Q==",
      "license": "MIT"
    },
    "node_modules/fizzy-ui-utils": {
      "version": "2.0.7",
      "resolved": "https://registry.npmjs.org/fizzy-ui-utils/-/fizzy-ui-utils-2.0.7.tgz",
      "integrity": "sha512-CZXDVXQ1If3/r8s0T+v+qVeMshhfcuq0rqIFgJnrtd+Bu8GmDmqMjntjUePypVtjHXKJ6V4sw9zeyox34n9aCg==",
      "license": "MIT",
      "dependencies": {
        "desandro-matches-selector": "^2.0.0"
      }
    },
    "node_modules/get-size": {
      "version": "2.0.3",
      "resolved": "https://registry.npmjs.org/get-size/-/get-size-2.0.3.tgz",
      "integrity": "sha512-lXNzT/h/dTjTxRbm9BXb+SGxxzkm97h/PCIKtlN/CBCxxmkkIVV21udumMS93MuVTDX583gqc94v3RjuHmI+2Q==",
      "license": "MIT"
    },
    "node_modules/htmx.org": {
      "version": "2.0.7",
      "resolved": "https://registry.npmjs.org/htmx.org/-/htmx.org-2.0.7.tgz",
      "integrity": "sha512-YiJqF3U5KyO28VC5mPfehKJPF+n1Gni+cupK+D69TF0nm7wY6AXn3a4mPWIikfAXtl1u1F1+ZhSCS7KT8pVmqA==",
      "license": "0BSD"
    },
    "node_modules/jquery": {
      "version": "3.7.1",
      "resolved": "https://registry.npmjs.org/jquery/-/jquery-3.7.1.tgz",
      "integrity": "sha512-m4avr8yL8kmFN8psrbFFFmB/If14iN5o9nw/NgnnM+kybDJpRsAynV2BsfpTYrTRysYUdADVD7CkUUizgkpLfg==",
      "license": "MIT"
    },
    "node_modules/masonry-layout": {
      "version": "4.2.2",
      "resolved": "https://registry.npmjs.org/masonry-layout/-/masonry-layout-4.2.2.tgz",
      "integrity": "sha512-iGtAlrpHNyxaR19CvKC3npnEcAwszXoyJiI8ARV2ePi7fmYhIud25MHK8Zx4P0LCC4d3TNO9+rFa1KoK1OEOaA==",
      "license": "MIT",
      "dependencies": {
        "get-size": "^2.0.2",
        "outlayer": "^2.1.0"
      }
    },
    "node_modules/outlayer": {
      "version": "2.1.1",
      "resolved": "https://registry.npmjs.org/outlayer/-/outlayer-2.1.1.tgz",
      "integrity": "sha512-+GplXsCQ3VrbGujAeHEzP9SXsBmJxzn/YdDSQZL0xqBmAWBmortu2Y9Gwdp9J0bgDQ8/YNIPMoBM13nTwZfAhw==",
      "license": "MIT",
      "dependencies": {
        "ev-emitter": "^1.0.0",
        "fizzy-ui-utils": "^2.0.0",
        "get-size": "^2.0.2"
      }
    },
    "node_modules/popper.js": {
      "version": "1.16.1",
      "resolved": "https://registry.npmjs.org/popper.js/-/popper.js-1.16.1.tgz",
      "integrity": "sha512-Wb4p1J4zyFTbM+u6WuO4XstYx4Ky9Cewe4DWrel7B0w6VVICvPwdOpotjzcf6eD8TsckVnIMNONQyPIUFOUbCQ==",
      "deprecated": "You can find the new Popper v2 at @popperjs/core, this package is dedicated to the legacy v1",
      "license": "MIT",
      "funding": {
        "type": "opencollective",
        "url": "https://opencollective.com/popperjs"
      }
    }
  }
}
