# THIS IS AN AUTOGENERATED FILE. DO NOT EDIT THIS FILE DIRECTLY.
# yarn lockfile v1


"@fortawesome/fontawesome-free@^5.8.2":
  "integrity" "sha512-OfdMsF+ZQgdKHP9jUbmDcRrP0eX90XXrsXIdyjLbkmSBzmMXPABB8eobUJtivaupucYaByz6WNe1PI1JuYm3qA=="
  "resolved" "https://registry.npmjs.org/@fortawesome/fontawesome-free/-/fontawesome-free-5.14.0.tgz"
  "version" "5.14.0"

"@popperjs/core@^2.11.6":
  "integrity" "sha512-50/17A98tWUfQ176raKiOGXuYpLyyVMkxxG6oylzL3BPOlA6ADGdK7EYunSa4I064xerltq9TGXs8HmOk5E+vw=="
  "resolved" "https://registry.npmjs.org/@popperjs/core/-/core-2.11.6.tgz"
  "version" "2.11.6"

"@types/jquery@^2.0.32":
  "integrity" "sha512-D/PomKwNkDfSKD13DEVQT/pq2TUjN54c6uB341fEZanIzkjfGe7UaFuuaLZbpEiS5j7Wk2MUHAZqZIoECw29lg=="
  "resolved" "https://registry.npmjs.org/@types/jquery/-/jquery-2.0.54.tgz"
  "version" "2.0.54"

"bootstrap@^5.2.2":
  "integrity" "sha512-dEtzMTV71n6Fhmbg4fYJzQsw1N29hJKO1js5ackCgIpDcGid2ETMGC6zwSYw09v05Y+oRdQ9loC54zB1La3hHQ=="
  "resolved" "https://registry.npmjs.org/bootstrap/-/bootstrap-5.2.2.tgz"
  "version" "5.2.2"

"commander@2":
  "integrity" "sha512-GpVkmM8vF2vQUkj2LvZmD35JxeJOLCwJ9cUkugyk2nuhbv3+mJvpLYYt+0+USMxE+oj+ey/lJEnhZw75x/OMcQ=="
  "resolved" "https://registry.npmjs.org/commander/-/commander-2.20.3.tgz"
  "version" "2.20.3"

"commander@7":
  "integrity" "sha512-QrWXB+ZQSVPmIWIhtEO9H+gwHaMGYiF5ChvoJ+K9ZGHG/sVsa6yiesAD1GC/x46sET00Xlwo1u49RVVVzvcSkw=="
  "resolved" "https://registry.npmjs.org/commander/-/commander-7.2.0.tgz"
  "version" "7.2.0"

"components-font-awesome@5.9.0":
  "integrity" "sha512-AjY5WwmKripvroQ1oYpCC4eK8efavSKUGN/ATgwcbyz/kRmojslH8l6Mrlxq071bdzBrZvCxi+RKgU5ao3bU+A=="
  "resolved" "https://registry.npmjs.org/components-font-awesome/-/components-font-awesome-5.9.0.tgz"
  "version" "5.9.0"

"d3-array@^1.2.0", "d3-array@1", "d3-array@1.2.1":
  "integrity" "sha512-CyINJQ0SOUHojDdFDH4JEM0552vCR1utGyLHegJHyYH0JyCpSeTPxi4OBqHMA2jJZq4NH782LtaJWBImqI/HBw=="
  "resolved" "https://registry.npmjs.org/d3-array/-/d3-array-1.2.1.tgz"
  "version" "1.2.1"

"d3-array@^3.2.0", "d3-array@2 - 3", "d3-array@2.10.0 - 3", "d3-array@2.5.0 - 3", "d3-array@3":
  "integrity" "sha512-3yXFQo0oG3QCxbF06rMPFyGRMGJNS7NvsV1+2joOjbBE+9xvWQ8+GcMJAjRCzw06zQ3/arXeJgbPYcjUCuC+3g=="
  "resolved" "https://registry.npmjs.org/d3-array/-/d3-array-3.2.0.tgz"
  "version" "3.2.0"
  dependencies:
    "internmap" "1 - 2"

"d3-axis@1.0.8":
  "integrity" "sha1-MacFoLU15ldZ3hQXOjGTMTfxjvo= sha512-K0djTb26iQ6AsuD2d6Ka08wBHf4V30awIxV4XFuB/iLzYtTqqJlE/nIN0DBJJCX7lbOqbt2/oeX3r+sU5k2veg=="
  "resolved" "https://registry.npmjs.org/d3-axis/-/d3-axis-1.0.8.tgz"
  "version" "1.0.8"

"d3-axis@3":
  "integrity" "sha512-IH5tgjV4jE/GhHkRV0HiVYPDtvfjHQlQfJHs0usq7M30XcSBvOotpmH1IgkcXsO/5gEQZD43B//fc7SRT5S+xw=="
  "resolved" "https://registry.npmjs.org/d3-axis/-/d3-axis-3.0.0.tgz"
  "version" "3.0.0"

"d3-brush@1.0.4":
  "integrity" "sha1-AMLyOAGfJPbAoZSibUGhUw/+e8Q= sha512-nUFueDzOlvwFvuOBynGSyJM7Wt1H9fKgJeoWFSg3ScS4c7FJBch92FKUJKum4xtgPYHdgH2C3bRg3GzSVltCJQ=="
  "resolved" "https://registry.npmjs.org/d3-brush/-/d3-brush-1.0.4.tgz"
  "version" "1.0.4"
  dependencies:
    "d3-dispatch" "1"
    "d3-drag" "1"
    "d3-interpolate" "1"
    "d3-selection" "1"
    "d3-transition" "1"

"d3-brush@3":
  "integrity" "sha512-ALnjWlVYkXsVIGlOsuWH1+3udkYFI48Ljihfnh8FZPF2QS9o+PzGLBslO0PjzVoHLZ2KCVgAM8NVkXPJB2aNnQ=="
  "resolved" "https://registry.npmjs.org/d3-brush/-/d3-brush-3.0.0.tgz"
  "version" "3.0.0"
  dependencies:
    "d3-dispatch" "1 - 3"
    "d3-drag" "2 - 3"
    "d3-interpolate" "1 - 3"
    "d3-selection" "3"
    "d3-transition" "3"

"d3-chord@1.0.4":
  "integrity" "sha1-fexPC6iG9xP+ERxF92NBT290yiw= sha512-o0ExexkK1N0KikUakKrQwttP5Flu8AYD6iBUh3AdPJqnTh6xlvcX5wFRuuo29sLOAr9+T4yZPUH1S3CCQJ1SlQ=="
  "resolved" "https://registry.npmjs.org/d3-chord/-/d3-chord-1.0.4.tgz"
  "version" "1.0.4"
  dependencies:
    "d3-array" "1"
    "d3-path" "1"

"d3-chord@3":
  "integrity" "sha512-VE5S6TNa+j8msksl7HwjxMHDM2yNK3XCkusIlpX5kwauBfXuyLAtNg9jCp/iHH61tgI4sb6R/EIMWCqEIdjT/g=="
  "resolved" "https://registry.npmjs.org/d3-chord/-/d3-chord-3.0.1.tgz"
  "version" "3.0.1"
  dependencies:
    "d3-path" "1 - 3"

"d3-collection@1", "d3-collection@1.0.4":
  "integrity" "sha1-NC39EoN8kJdPM/HMCnha6lcNzcI= sha512-+TPxaBFzbzfpLF3Hjz8JPeuStNmJnyWAufu8VUfpDCDn5RieIgY+OQDjhKMDorf2naLgAjjZXLUQN7XFp/kgog=="
  "resolved" "https://registry.npmjs.org/d3-collection/-/d3-collection-1.0.4.tgz"
  "version" "1.0.4"

"d3-color@1 - 3", "d3-color@3":
  "integrity" "sha512-6/SlHkDOBLyQSJ1j1Ghs82OIUXpKWlR0hCsw0XrLSQhuUPuCSmLQ1QPH98vpnQxMUQM2/gfAkUEWsupVpd9JGw=="
  "resolved" "https://registry.npmjs.org/d3-color/-/d3-color-3.0.1.tgz"
  "version" "3.0.1"

"d3-color@1", "d3-color@1.0.3":
  "integrity" "sha1-vHZD/KjlOoNH4vva/6I2eWtYUJs= sha512-t+rSOrshj6m2AUOe8kHvTwfUQ5TFoInEkBfmsHHAHPof58dmbRXNpicB7XAyPbMQbcC7i09p2BxeCEdgBd8xmw=="
  "resolved" "https://registry.npmjs.org/d3-color/-/d3-color-1.0.3.tgz"
  "version" "1.0.3"

"d3-contour@4":
  "integrity" "sha512-7aQo0QHUTu/Ko3cP9YK9yUTxtoDEiDGwnBHyLxG5M4vqlBkO/uixMRele3nfsfj6UXOcuReVpVXzAboGraYIJw=="
  "resolved" "https://registry.npmjs.org/d3-contour/-/d3-contour-4.0.0.tgz"
  "version" "4.0.0"
  dependencies:
    "d3-array" "^3.2.0"

"d3-delaunay@6":
  "integrity" "sha512-IMLNldruDQScrcfT+MWnazhHbDJhcRJyOEBAJfwQnHle1RPh6WDuLvxNArUju2VSMSUuKlY5BGHRJ2cYyoFLQQ=="
  "resolved" "https://registry.npmjs.org/d3-delaunay/-/d3-delaunay-6.0.2.tgz"
  "version" "6.0.2"
  dependencies:
    "delaunator" "5"

"d3-dispatch@1 - 3", "d3-dispatch@3":
  "integrity" "sha512-rzUyPU/S7rwUflMyLc1ETDeBj0NRuHKKAcvukozwhshr6g6c5d8zh4c2gQjY2bZ0dXeGLWc1PF174P2tVvKhfg=="
  "resolved" "https://registry.npmjs.org/d3-dispatch/-/d3-dispatch-3.0.1.tgz"
  "version" "3.0.1"

"d3-dispatch@1.0.3":
  "integrity" "sha1-RuFJHqqbWMNY/OW+TovtYm54cfg= sha512-Qh2DR3neW3lq/ug4oymXHYoIsA91nYt47ERb+fPKjRg6zLij06aP7KqHHl2NyziK9ASxrR3GLkHCtZvXe/jMVg=="
  "resolved" "https://registry.npmjs.org/d3-dispatch/-/d3-dispatch-1.0.3.tgz"
  "version" "1.0.3"

"d3-dispatch@1":
  "integrity" "sha512-fVjoElzjhCEy+Hbn8KygnmMS7Or0a9sI2UzGwoB7cCtvI1XpVN9GpoYlnb3xt2YV66oXYb1fLJ8GMvP4hdU1RA=="
  "resolved" "https://registry.npmjs.org/d3-dispatch/-/d3-dispatch-1.0.6.tgz"
  "version" "1.0.6"

"d3-drag@1", "d3-drag@1.2.1":
  "integrity" "sha512-Cg8/K2rTtzxzrb0fmnYOUeZHvwa4PHzwXOLZZPwtEs2SKLLKLXeYwZKBB+DlOxUvFmarOnmt//cU4+3US2lyyQ=="
  "resolved" "https://registry.npmjs.org/d3-drag/-/d3-drag-1.2.1.tgz"
  "version" "1.2.1"
  dependencies:
    "d3-dispatch" "1"
    "d3-selection" "1"

"d3-drag@2 - 3", "d3-drag@3":
  "integrity" "sha512-pWbUJLdETVA8lQNJecMxoXfH6x+mO2UQo8rSmZ+QqxcbyA3hfeprFgIT//HW2nlHChWeIIMwS2Fq+gEARkhTkg=="
  "resolved" "https://registry.npmjs.org/d3-drag/-/d3-drag-3.0.0.tgz"
  "version" "3.0.0"
  dependencies:
    "d3-dispatch" "1 - 3"
    "d3-selection" "3"

"d3-dsv@1 - 3", "d3-dsv@3":
  "integrity" "sha512-UG6OvdI5afDIFP9w4G0mNq50dSOsXHJaRE8arAS5o9ApWnIElp8GZw1Dun8vP8OyHOZ/QJUKUJwxiiCCnUwm+Q=="
  "resolved" "https://registry.npmjs.org/d3-dsv/-/d3-dsv-3.0.1.tgz"
  "version" "3.0.1"
  dependencies:
    "commander" "7"
    "iconv-lite" "0.6"
    "rw" "1"

"d3-dsv@1.0.8":
  "integrity" "sha512-IVCJpQ+YGe3qu6odkPQI0KPqfxkhbP/oM1XhhE/DFiYmcXKfCRub4KXyiuehV1d4drjWVXHUWx4gHqhdZb6n/A=="
  "resolved" "https://registry.npmjs.org/d3-dsv/-/d3-dsv-1.0.8.tgz"
  "version" "1.0.8"
  dependencies:
    "commander" "2"
    "iconv-lite" "0.4"
    "rw" "1"

"d3-dsv@1":
  "integrity" "sha512-9yVlqvZcSOMhCYzniHE7EVUws7Fa1zgw+/EAV2BxJoG3ME19V6BQFBwI855XQDsxyOuG7NibqRMTtiF/Qup46g=="
  "resolved" "https://registry.npmjs.org/d3-dsv/-/d3-dsv-1.2.0.tgz"
  "version" "1.2.0"
  dependencies:
    "commander" "2"
    "iconv-lite" "0.4"
    "rw" "1"

"d3-ease@1 - 3", "d3-ease@3":
  "integrity" "sha512-wR/XK3D3XcLIZwpbvQwQ5fK+8Ykds1ip7A2Txe0yxncXSdq1L9skcG7blcedkOX+ZcgxGAmLX1FrRGbADwzi0w=="
  "resolved" "https://registry.npmjs.org/d3-ease/-/d3-ease-3.0.1.tgz"
  "version" "3.0.1"

"d3-ease@1", "d3-ease@1.0.3":
  "integrity" "sha1-aL+8NJM4o4DETYrMT7wzBKotjA4= sha512-io3QwOJwVPAxRF2UXpKpCdz2wm/7VLFCQQ1yy+GzX6YCtt3vi2BGnimI8agSF5jyUrHsADyF303d2S+ps7zU8w=="
  "resolved" "https://registry.npmjs.org/d3-ease/-/d3-ease-1.0.3.tgz"
  "version" "1.0.3"

"d3-fetch@3":
  "integrity" "sha512-kpkQIM20n3oLVBKGg6oHrUchHM3xODkTzjMoj7aWQFq5QEM+R6E4WkzT5+tojDY7yjez8KgCBRoj4aEr99Fdqw=="
  "resolved" "https://registry.npmjs.org/d3-fetch/-/d3-fetch-3.0.1.tgz"
  "version" "3.0.1"
  dependencies:
    "d3-dsv" "1 - 3"

"d3-force@1.1.0":
  "integrity" "sha512-2HVQz3/VCQs0QeRNZTYb7GxoUCeb6bOzMp/cGcLa87awY9ZsPvXOGeZm0iaGBjXic6I1ysKwMn+g+5jSAdzwcg=="
  "resolved" "https://registry.npmjs.org/d3-force/-/d3-force-1.1.0.tgz"
  "version" "1.1.0"
  dependencies:
    "d3-collection" "1"
    "d3-dispatch" "1"
    "d3-quadtree" "1"
    "d3-timer" "1"

"d3-force@3":
  "integrity" "sha512-zxV/SsA+U4yte8051P4ECydjD/S+qeYtnaIyAs9tgHCqfguma/aAQDjo85A9Z6EKhBirHRJHXIgJUlffT4wdLg=="
  "resolved" "https://registry.npmjs.org/d3-force/-/d3-force-3.0.0.tgz"
  "version" "3.0.0"
  dependencies:
    "d3-dispatch" "1 - 3"
    "d3-quadtree" "1 - 3"
    "d3-timer" "1 - 3"

"d3-format@1 - 3", "d3-format@3":
  "integrity" "sha512-hdL7+HBIohpgfolhBxr1KX47VMD6+vVD/oEFrxk5yhmzV2prk99EkFKYpXuhVkFpTgHdJ6/4bYcjdLPPXV4tIA=="
  "resolved" "https://registry.npmjs.org/d3-format/-/d3-format-3.0.1.tgz"
  "version" "3.0.1"

"d3-format@1", "d3-format@1.2.2":
  "integrity" "sha512-zH9CfF/3C8zUI47nsiKfD0+AGDEuM8LwBIP7pBVpyR4l/sKkZqITmMtxRp04rwBrlshIZ17XeFAaovN3++wzkw=="
  "resolved" "https://registry.npmjs.org/d3-format/-/d3-format-1.2.2.tgz"
  "version" "1.2.2"

"d3-geo@1.9.1":
  "integrity" "sha512-l9wL/cEQkyZQYXw3xbmLsH3eQ5ij+icNfo4r0GrLa5rOCZR/e/3am45IQ0FvQ5uMsv+77zBRunLc9ufTWSQYFA=="
  "resolved" "https://registry.npmjs.org/d3-geo/-/d3-geo-1.9.1.tgz"
  "version" "1.9.1"
  dependencies:
    "d3-array" "1"

"d3-geo@3":
  "integrity" "sha512-Wt23xBych5tSy9IYAM1FR2rWIBFWa52B/oF/GYe5zbdHrg08FU8+BuI6X4PvTwPDdqdAdq04fuWJpELtsaEjeA=="
  "resolved" "https://registry.npmjs.org/d3-geo/-/d3-geo-3.0.1.tgz"
  "version" "3.0.1"
  dependencies:
    "d3-array" "2.5.0 - 3"

"d3-hierarchy@1.1.5":
  "integrity" "sha1-ochFxC+Eoga88cAcAQmOpN2qeiY= sha512-PcsLIhThc60mWnxlojIOH7Sc0tQ2DgLWfEwEAyzCtej5f3H9wSsRmrg5pEhKZLrwiJnI2zyw/pznJxL9a/Eugw=="
  "resolved" "https://registry.npmjs.org/d3-hierarchy/-/d3-hierarchy-1.1.5.tgz"
  "version" "1.1.5"

"d3-hierarchy@3":
  "integrity" "sha512-RlLTaofEoOrMK1JoXYIGhKTkJFI/6rFrYPgxy6QlZo2BcVc4HGTqEU0rPpzuMq5T/5XcMtAzv1XiLA3zRTfygw=="
  "resolved" "https://registry.npmjs.org/d3-hierarchy/-/d3-hierarchy-3.0.1.tgz"
  "version" "3.0.1"

"d3-interpolate@1 - 3", "d3-interpolate@1.2.0 - 3", "d3-interpolate@3":
  "integrity" "sha512-3bYs1rOD33uo8aqJfKP3JWPAibgw8Zm2+L9vBKEHJ2Rg+viTR7o5Mmv5mZcieN+FRYaAOWX5SJATX6k1PWz72g=="
  "resolved" "https://registry.npmjs.org/d3-interpolate/-/d3-interpolate-3.0.1.tgz"
  "version" "3.0.1"
  dependencies:
    "d3-color" "1 - 3"

"d3-interpolate@1", "d3-interpolate@1.1.6":
  "integrity" "sha512-mOnv5a+pZzkNIHtw/V6I+w9Lqm9L5bG3OTXPM5A+QO0yyVMQ4W1uZhR+VOJmazaOZXri2ppbiZ5BUNWT0pFM9A=="
  "resolved" "https://registry.npmjs.org/d3-interpolate/-/d3-interpolate-1.1.6.tgz"
  "version" "1.1.6"
  dependencies:
    "d3-color" "1"

"d3-path@1 - 3", "d3-path@3":
  "integrity" "sha512-gq6gZom9AFZby0YLduxT1qmrp4xpBA1YZr19OI717WIdKE2OM5ETq5qrHLb301IgxhLwcuxvGZVLeeWc/k1I6w=="
  "resolved" "https://registry.npmjs.org/d3-path/-/d3-path-3.0.1.tgz"
  "version" "3.0.1"

"d3-path@1", "d3-path@1.0.5":
  "integrity" "sha1-JB6xhJvZ6egCHA0KeZ+KDo5EF2Q= sha512-eD76prgnTKYkLzHlY2UMyOEZXTpC+WOanCr1BLxo38w4fPPPq/LgCFqRQvqFU3AJngfZmmKR7rgKPZ4EGJ9Atw=="
  "resolved" "https://registry.npmjs.org/d3-path/-/d3-path-1.0.5.tgz"
  "version" "1.0.5"

"d3-polygon@1.0.3":
  "integrity" "sha1-FoiOkCZGCTPysXllKtN4Ik04LGI= sha512-2zP7GOvf4XOWTeQouK7fCO534yQxyhYYTw6GTqcXifIalHgA6qV/es+4GRQii9m6XxEPFcht4loobD/o2iEo1A=="
  "resolved" "https://registry.npmjs.org/d3-polygon/-/d3-polygon-1.0.3.tgz"
  "version" "1.0.3"

"d3-polygon@3":
  "integrity" "sha512-3vbA7vXYwfe1SYhED++fPUQlWSYTTGmFmQiany/gdbiWgU/iEyQzyymwL9SkJjFFuCS4902BSzewVGsHHmHtXg=="
  "resolved" "https://registry.npmjs.org/d3-polygon/-/d3-polygon-3.0.1.tgz"
  "version" "3.0.1"

"d3-quadtree@1 - 3", "d3-quadtree@3":
  "integrity" "sha512-04xDrxQTDTCFwP5H6hRhsRcb9xxv2RzkcsygFzmkSIOJy3PeRJP7sNk3VRIbKXcog561P9oU0/rVH6vDROAgUw=="
  "resolved" "https://registry.npmjs.org/d3-quadtree/-/d3-quadtree-3.0.1.tgz"
  "version" "3.0.1"

"d3-quadtree@1", "d3-quadtree@1.0.3":
  "integrity" "sha1-rHmH4+I/6AWpkPKOG1DTj8uCJDg= sha512-U2Jc3jF3JOBGXIOnvWY9C4ekRwRX9hEVpMMmeduJyaxAwPmoe7t84iZFTLn1RwYOyrXxJF55H/Hrg186TFQQdw=="
  "resolved" "https://registry.npmjs.org/d3-quadtree/-/d3-quadtree-1.0.3.tgz"
  "version" "1.0.3"

"d3-queue@3.0.7":
  "integrity" "sha1-yTouVLQXwJWRKdfXP2z31Ckudhg= sha512-2rs+6pNFKkrJhqe1rg5znw7dKJ7KZr62j9aLZfhondkrnz6U7VRmJj1UGcbD8MRc46c7H8m4SWhab8EalBQrkw=="
  "resolved" "https://registry.npmjs.org/d3-queue/-/d3-queue-3.0.7.tgz"
  "version" "3.0.7"

"d3-random@1.1.0":
  "integrity" "sha1-ZkLlBsb6OmSFldKyRpeIqNElKdM= sha512-XuMbjx3Jq4EWfJP4g6nR7zns/bZfaVbWHWfR8auDkEiWCzVbWifmasfszV1ZRN3xXK3nY4RUFL2nTIhceGZSFQ=="
  "resolved" "https://registry.npmjs.org/d3-random/-/d3-random-1.1.0.tgz"
  "version" "1.1.0"

"d3-random@3":
  "integrity" "sha512-FXMe9GfxTxqd5D6jFsQ+DJ8BJS4E/fT5mqqdjovykEB2oFbTMDVdg1MGFxfQW+FBOGoB++k8swBrgwSHT1cUXQ=="
  "resolved" "https://registry.npmjs.org/d3-random/-/d3-random-3.0.1.tgz"
  "version" "3.0.1"

"d3-request@1.0.6":
  "integrity" "sha512-FJj8ySY6GYuAJHZMaCQ83xEYE4KbkPkmxZ3Hu6zA1xxG2GD+z6P+Lyp+zjdsHf0xEbp2xcluDI50rCS855EQ6w=="
  "resolved" "https://registry.npmjs.org/d3-request/-/d3-request-1.0.6.tgz"
  "version" "1.0.6"
  dependencies:
    "d3-collection" "1"
    "d3-dispatch" "1"
    "d3-dsv" "1"
    "xmlhttprequest" "1"

"d3-scale-chromatic@3":
  "integrity" "sha512-Lx9thtxAKrO2Pq6OO2Ua474opeziKr279P/TKZsMAhYyNDD3EnCffdbgeSYN5O7m2ByQsxtuP2CSDczNUIZ22g=="
  "resolved" "https://registry.npmjs.org/d3-scale-chromatic/-/d3-scale-chromatic-3.0.0.tgz"
  "version" "3.0.0"
  dependencies:
    "d3-color" "1 - 3"
    "d3-interpolate" "1 - 3"

"d3-scale@1.0.7":
  "integrity" "sha512-KvU92czp2/qse5tUfGms6Kjig0AhHOwkzXG0+PqIJB3ke0WUv088AHMZI0OssO9NCkXt4RP8yju9rpH8aGB7Lw=="
  "resolved" "https://registry.npmjs.org/d3-scale/-/d3-scale-1.0.7.tgz"
  "version" "1.0.7"
  dependencies:
    "d3-array" "^1.2.0"
    "d3-collection" "1"
    "d3-color" "1"
    "d3-format" "1"
    "d3-interpolate" "1"
    "d3-time" "1"
    "d3-time-format" "2"

"d3-scale@4":
  "integrity" "sha512-foHQYKpWQcyndH1CGoHdUC4PECxTxonzwwBXGT8qu+Drb1FIc6ON6dG2P5f4hRRMkLiIKeWK7iFtdznDUrnuPQ=="
  "resolved" "https://registry.npmjs.org/d3-scale/-/d3-scale-4.0.0.tgz"
  "version" "4.0.0"
  dependencies:
    "d3-array" "2.10.0 - 3"
    "d3-format" "1 - 3"
    "d3-interpolate" "1.2.0 - 3"
    "d3-time" "2.1.1 - 3"
    "d3-time-format" "2 - 4"

"d3-selection@^1.1.0", "d3-selection@1", "d3-selection@1.3.0":
  "integrity" "sha512-qgpUOg9tl5CirdqESUAu0t9MU/t3O9klYfGfyKsXEmhyxyzLpzpeh08gaxBUTQw1uXIOkr/30Ut2YRjSSxlmHA=="
  "resolved" "https://registry.npmjs.org/d3-selection/-/d3-selection-1.3.0.tgz"
  "version" "1.3.0"

"d3-selection@2 - 3", "d3-selection@3":
  "integrity" "sha512-fmTRWbNMmsmWq6xJV8D19U/gw/bwrHfNXxrIN+HfZgnzqTHp9jOmKMhsTUjXOJnZOdZY9Q28y4yebKzqDKlxlQ=="
  "resolved" "https://registry.npmjs.org/d3-selection/-/d3-selection-3.0.0.tgz"
  "version" "3.0.0"

"d3-shape@1.2.0":
  "integrity" "sha1-RdAVOPBkuv0F6j1tLLdI/YxB93c= sha512-LP48zJ9ykPKjCdd0vSu5k2l4s8v1vI6vvdDeJtmgtTa+L6Ery0lzvOaV7pMunFuLv11hwSRZQnSnlhFl801aiw=="
  "resolved" "https://registry.npmjs.org/d3-shape/-/d3-shape-1.2.0.tgz"
  "version" "1.2.0"
  dependencies:
    "d3-path" "1"

"d3-shape@3":
  "integrity" "sha512-HNZNEQoDhuCrDWEc/BMbF/hKtzMZVoe64TvisFLDp2Iyj0UShB/E6/lBsLlJTfBMbYgftHj90cXJ0SEitlE6Xw=="
  "resolved" "https://registry.npmjs.org/d3-shape/-/d3-shape-3.0.1.tgz"
  "version" "3.0.1"
  dependencies:
    "d3-path" "1 - 3"

"d3-time-format@2 - 4", "d3-time-format@4":
  "integrity" "sha512-nzaCwlj+ZVBIlFuVOT1RmU+6xb/7D5IcnhHzHQcBgS/aTa5K9fWZNN5LCXA27LgF5WxoSNJqKBbLcGMtM6Ca6A=="
  "resolved" "https://registry.npmjs.org/d3-time-format/-/d3-time-format-4.0.0.tgz"
  "version" "4.0.0"
  dependencies:
    "d3-time" "1 - 3"

"d3-time-format@2", "d3-time-format@2.1.1":
  "integrity" "sha512-8kAkymq2WMfzW7e+s/IUNAtN/y3gZXGRrdGfo6R8NKPAA85UBTxZg5E61bR6nLwjPjj4d3zywSQe1CkYLPFyrw=="
  "resolved" "https://registry.npmjs.org/d3-time-format/-/d3-time-format-2.1.1.tgz"
  "version" "2.1.1"
  dependencies:
    "d3-time" "1"

"d3-time@1 - 3", "d3-time@2.1.1 - 3", "d3-time@3":
  "integrity" "sha512-zmV3lRnlaLI08y9IMRXSDshQb5Nj77smnfpnd2LrBa/2K281Jijactokeak14QacHs/kKq0AQ121nidNYlarbQ=="
  "resolved" "https://registry.npmjs.org/d3-time/-/d3-time-3.0.0.tgz"
  "version" "3.0.0"
  dependencies:
    "d3-array" "2 - 3"

"d3-time@1", "d3-time@1.0.8":
  "integrity" "sha512-YRZkNhphZh3KcnBfitvF3c6E0JOFGikHZ4YqD+Lzv83ZHn1/u6yGenRU1m+KAk9J1GnZMnKcrtfvSktlA1DXNQ=="
  "resolved" "https://registry.npmjs.org/d3-time/-/d3-time-1.0.8.tgz"
  "version" "1.0.8"

"d3-timer@1 - 3", "d3-timer@3":
  "integrity" "sha512-ndfJ/JxxMd3nw31uyKoY2naivF+r29V+Lc0svZxe1JvvIRmi8hUsrMvdOwgS1o6uBHmiz91geQ0ylPP0aj1VUA=="
  "resolved" "https://registry.npmjs.org/d3-timer/-/d3-timer-3.0.1.tgz"
  "version" "3.0.1"

"d3-timer@1", "d3-timer@1.0.7":
  "integrity" "sha512-vMZXR88XujmG/L5oB96NNKH5lCWwiLM/S2HyyAQLcjWJCloK5shxta4CwOFYLZoY3AWX73v8Lgv4cCAdWtRmOA=="
  "resolved" "https://registry.npmjs.org/d3-timer/-/d3-timer-1.0.7.tgz"
  "version" "1.0.7"

"d3-transition@1", "d3-transition@1.1.1":
  "integrity" "sha512-xeg8oggyQ+y5eb4J13iDgKIjUcEfIOZs2BqV/eEmXm2twx80wTzJ4tB4vaZ5BKfz7XsI/DFmQL5me6O27/5ykQ=="
  "resolved" "https://registry.npmjs.org/d3-transition/-/d3-transition-1.1.1.tgz"
  "version" "1.1.1"
  dependencies:
    "d3-color" "1"
    "d3-dispatch" "1"
    "d3-ease" "1"
    "d3-interpolate" "1"
    "d3-selection" "^1.1.0"
    "d3-timer" "1"

"d3-transition@2 - 3", "d3-transition@3":
  "integrity" "sha512-ApKvfjsSR6tg06xrL434C0WydLr7JewBB3V+/39RMHsaXTOG0zmt/OAXeng5M5LBm0ojmxJrpomQVZ1aPvBL4w=="
  "resolved" "https://registry.npmjs.org/d3-transition/-/d3-transition-3.0.1.tgz"
  "version" "3.0.1"
  dependencies:
    "d3-color" "1 - 3"
    "d3-dispatch" "1 - 3"
    "d3-ease" "1 - 3"
    "d3-interpolate" "1 - 3"
    "d3-timer" "1 - 3"

"d3-voronoi@1.1.2":
  "integrity" "sha1-Fodmfo8TotFYyAwUgMWinLDYlzw= sha512-RhGS1u2vavcO7ay7ZNAPo4xeDh/VYeGof3x5ZLJBQgYhLegxr3s5IykvWmJ94FTU6mcbtp4sloqZ54mP6R4Utw=="
  "resolved" "https://registry.npmjs.org/d3-voronoi/-/d3-voronoi-1.1.2.tgz"
  "version" "1.1.2"

"d3-zoom@1.7.1":
  "integrity" "sha512-sZHQ55DGq5BZBFGnRshUT8tm2sfhPHFnOlmPbbwTkAoPeVdRTkB4Xsf9GCY0TSHrTD8PeJPZGmP/TpGicwJDJQ=="
  "resolved" "https://registry.npmjs.org/d3-zoom/-/d3-zoom-1.7.1.tgz"
  "version" "1.7.1"
  dependencies:
    "d3-dispatch" "1"
    "d3-drag" "1"
    "d3-interpolate" "1"
    "d3-selection" "1"
    "d3-transition" "1"

"d3-zoom@3":
  "integrity" "sha512-b8AmV3kfQaqWAuacbPuNbL6vahnOJflOhexLzMMNLga62+/nh0JzvJ0aO/5a5MVgUFGS7Hu1P9P03o3fJkDCyw=="
  "resolved" "https://registry.npmjs.org/d3-zoom/-/d3-zoom-3.0.0.tgz"
  "version" "3.0.0"
  dependencies:
    "d3-dispatch" "1 - 3"
    "d3-drag" "2 - 3"
    "d3-interpolate" "1 - 3"
    "d3-selection" "2 - 3"
    "d3-transition" "2 - 3"

"d3@^4":
  "integrity" "sha512-l8c4+0SldjVKLaE2WG++EQlqD7mh/dmQjvi2L2lKPadAVC+TbJC4ci7Uk9bRi+To0+ansgsS0iWfPjD7DBy+FQ=="
  "resolved" "https://registry.npmjs.org/d3/-/d3-4.13.0.tgz"
  "version" "4.13.0"
  dependencies:
    "d3-array" "1.2.1"
    "d3-axis" "1.0.8"
    "d3-brush" "1.0.4"
    "d3-chord" "1.0.4"
    "d3-collection" "1.0.4"
    "d3-color" "1.0.3"
    "d3-dispatch" "1.0.3"
    "d3-drag" "1.2.1"
    "d3-dsv" "1.0.8"
    "d3-ease" "1.0.3"
    "d3-force" "1.1.0"
    "d3-format" "1.2.2"
    "d3-geo" "1.9.1"
    "d3-hierarchy" "1.1.5"
    "d3-interpolate" "1.1.6"
    "d3-path" "1.0.5"
    "d3-polygon" "1.0.3"
    "d3-quadtree" "1.0.3"
    "d3-queue" "3.0.7"
    "d3-random" "1.1.0"
    "d3-request" "1.0.6"
    "d3-scale" "1.0.7"
    "d3-selection" "1.3.0"
    "d3-shape" "1.2.0"
    "d3-time" "1.0.8"
    "d3-time-format" "2.1.1"
    "d3-timer" "1.0.7"
    "d3-transition" "1.1.1"
    "d3-voronoi" "1.1.2"
    "d3-zoom" "1.7.1"

"d3@^7.6.1":
  "integrity" "sha512-txMTdIHFbcpLx+8a0IFhZsbp+PfBBPt8yfbmukZTQFroKuFqIwqswF0qE5JXWefylaAVpSXFoKm3yP+jpNLFLw=="
  "resolved" "https://registry.npmjs.org/d3/-/d3-7.6.1.tgz"
  "version" "7.6.1"
  dependencies:
    "d3-array" "3"
    "d3-axis" "3"
    "d3-brush" "3"
    "d3-chord" "3"
    "d3-color" "3"
    "d3-contour" "4"
    "d3-delaunay" "6"
    "d3-dispatch" "3"
    "d3-drag" "3"
    "d3-dsv" "3"
    "d3-ease" "3"
    "d3-fetch" "3"
    "d3-force" "3"
    "d3-format" "3"
    "d3-geo" "3"
    "d3-hierarchy" "3"
    "d3-interpolate" "3"
    "d3-path" "3"
    "d3-polygon" "3"
    "d3-quadtree" "3"
    "d3-random" "3"
    "d3-scale" "4"
    "d3-scale-chromatic" "3"
    "d3-selection" "3"
    "d3-shape" "3"
    "d3-time" "3"
    "d3-time-format" "4"
    "d3-timer" "3"
    "d3-transition" "3"
    "d3-zoom" "3"

"datatables@^1.10.18":
  "integrity" "sha512-ntatMgS9NN6UMpwbmO+QkYJuKlVeMA2Mi0Gu/QxyIh+dW7ZjLSDhPT2tWlzjpIWEkDYgieDzS9Nu7bdQCW0sbQ=="
  "resolved" "https://registry.npmjs.org/datatables/-/datatables-1.10.18.tgz"
  "version" "1.10.18"
  dependencies:
    "jquery" ">=1.7"

"delaunator@5":
  "integrity" "sha512-AyLvtyJdbv/U1GkiS6gUUzclRoAY4Gs75qkMygJJhU75LW4DNuSF2RMzpxs9jw9Oz1BobHjTdkG3zdP55VxAqw=="
  "resolved" "https://registry.npmjs.org/delaunator/-/delaunator-5.0.0.tgz"
  "version" "5.0.0"
  dependencies:
    "robust-predicates" "^3.0.0"

"desandro-matches-selector@^2.0.0":
  "integrity" "sha1-cXvu1NwT59jzdi9wem1YpndCGOE= sha512-+1q0nXhdzg1IpIJdMKalUwvvskeKnYyEe3shPRwedNcWtnhEKT3ZxvFjzywHDeGcKViIxTCAoOYQWP1qD7VNyg=="
  "resolved" "https://registry.npmjs.org/desandro-matches-selector/-/desandro-matches-selector-2.0.2.tgz"
  "version" "2.0.2"

"devbridge-autocomplete@^1.4.11":
  "integrity" "sha512-lRU1y9IKyPm45NKDMcujszJoftw+wqxKbtcNJoMx+LywJQJdDwjg/s4lwLYR4vyQQ6VTcUaIeveLMkZTqorBIA=="
  "resolved" "https://registry.npmjs.org/devbridge-autocomplete/-/devbridge-autocomplete-1.4.11.tgz"
  "version" "1.4.11"
  dependencies:
    "@types/jquery" "^2.0.32"
    "jquery" ">=1.7"

"ev-emitter@^1.0.0":
  "integrity" "sha512-ipiDYhdQSCZ4hSbX4rMW+XzNKMD1prg/sTvoVmSLkuQ1MVlwjJQQA+sW8tMYR3BLUr9KjodFV4pvzunvRhd33Q=="
  "resolved" "https://registry.npmjs.org/ev-emitter/-/ev-emitter-1.1.1.tgz"
  "version" "1.1.1"

"fizzy-ui-utils@^2.0.0":
  "integrity" "sha512-CZXDVXQ1If3/r8s0T+v+qVeMshhfcuq0rqIFgJnrtd+Bu8GmDmqMjntjUePypVtjHXKJ6V4sw9zeyox34n9aCg=="
  "resolved" "https://registry.npmjs.org/fizzy-ui-utils/-/fizzy-ui-utils-2.0.7.tgz"
  "version" "2.0.7"
  dependencies:
    "desandro-matches-selector" "^2.0.0"

"get-size@^2.0.2":
  "integrity" "sha512-lXNzT/h/dTjTxRbm9BXb+SGxxzkm97h/PCIKtlN/CBCxxmkkIVV21udumMS93MuVTDX583gqc94v3RjuHmI+2Q=="
  "resolved" "https://registry.npmjs.org/get-size/-/get-size-2.0.3.tgz"
  "version" "2.0.3"

"iconv-lite@0.4":
  "integrity" "sha512-v3MXnZAcvnywkTUEZomIActle7RXXeedOR31wwl7VlyoXO4Qi9arvSenNQWne1TcRwhCL1HwLI21bEqdpj8/rA=="
  "resolved" "https://registry.npmjs.org/iconv-lite/-/iconv-lite-0.4.24.tgz"
  "version" "0.4.24"
  dependencies:
    "safer-buffer" ">= 2.1.2 < 3"

"iconv-lite@0.6":
  "integrity" "sha512-4fCk79wshMdzMp2rH06qWrJE4iolqLhCUH+OiuIgU++RB0+94NlDL81atO7GX55uUKueo0txHNtvEyI6D7WdMw=="
  "resolved" "https://registry.npmjs.org/iconv-lite/-/iconv-lite-0.6.3.tgz"
  "version" "0.6.3"
  dependencies:
    "safer-buffer" ">= 2.1.2 < 3.0.0"

"internmap@1 - 2":
  "integrity" "sha512-Ujwccrj9FkGqjbY3iVoxD1VV+KdZZeENx0rphrtzmRXbFvkFO88L80BL/zeSIguX/7T+y8k04xqtgWgS5vxwxw=="
  "resolved" "https://registry.npmjs.org/internmap/-/internmap-2.0.1.tgz"
  "version" "2.0.1"

"jquery@^3.4.1", "jquery@^3.6.1", "jquery@>=1.11.1", "jquery@>=1.7":
  "integrity" "sha512-opJeO4nCucVnsjiXOE+/PcCgYw9Gwpvs/a6B1LL/lQhwWwpbVEVYDZ1FokFr8PRc7ghYlrFPuyHuiiDNTQxmcw=="
  "resolved" "https://registry.npmjs.org/jquery/-/jquery-3.6.1.tgz"
  "version" "3.6.1"

"masonry-layout@^4.2.2":
  "integrity" "sha512-iGtAlrpHNyxaR19CvKC3npnEcAwszXoyJiI8ARV2ePi7fmYhIud25MHK8Zx4P0LCC4d3TNO9+rFa1KoK1OEOaA=="
  "resolved" "https://registry.npmjs.org/masonry-layout/-/masonry-layout-4.2.2.tgz"
  "version" "4.2.2"
  dependencies:
    "get-size" "^2.0.2"
    "outlayer" "^2.1.0"

"metrics-graphics@^2.15.6":
  "integrity" "sha512-gXis+WpOFocYzcMXa9nDwrd+MJ1hbrDw+Z3KkD1GhYhbwhcl1cxp3YVo3F5ZXJimOrwFWnsKZREjqW5HrNFGcA=="
  "resolved" "https://registry.npmjs.org/metrics-graphics/-/metrics-graphics-2.15.6.tgz"
  "version" "2.15.6"
  dependencies:
    "d3" "^4"

"outlayer@^2.1.0":
  "integrity" "sha1-KYY7beEOpdrf/8rfoNcokHOH6aI= sha512-+GplXsCQ3VrbGujAeHEzP9SXsBmJxzn/YdDSQZL0xqBmAWBmortu2Y9Gwdp9J0bgDQ8/YNIPMoBM13nTwZfAhw=="
  "resolved" "https://registry.npmjs.org/outlayer/-/outlayer-2.1.1.tgz"
  "version" "2.1.1"
  dependencies:
    "ev-emitter" "^1.0.0"
    "fizzy-ui-utils" "^2.0.0"
    "get-size" "^2.0.2"

"popper.js@^1.16.1":
  "integrity" "sha512-Wb4p1J4zyFTbM+u6WuO4XstYx4Ky9Cewe4DWrel7B0w6VVICvPwdOpotjzcf6eD8TsckVnIMNONQyPIUFOUbCQ=="
  "resolved" "https://registry.npmjs.org/popper.js/-/popper.js-1.16.1.tgz"
  "version" "1.16.1"

"robust-predicates@^3.0.0":
  "integrity" "sha512-ndEIpszUHiG4HtDsQLeIuMvRsDnn8c8rYStabochtUeCvfuvNptb5TUbVD68LRAILPX7p9nqQGh4xJgn3EHS/g=="
  "resolved" "https://registry.npmjs.org/robust-predicates/-/robust-predicates-3.0.1.tgz"
  "version" "3.0.1"

"rw@1":
  "integrity" "sha1-P4Yt+pGrdmsUiF700BEkv9oHT7Q= sha512-PdhdWy89SiZogBLaw42zdeqtRJ//zFd2PgQavcICDUgJT5oW10QCRKbJ6bg4r0/UY2M6BWd5tkxuGFRvCkgfHQ=="
  "resolved" "https://registry.npmjs.org/rw/-/rw-1.3.3.tgz"
  "version" "1.3.3"

"safer-buffer@>= 2.1.2 < 3", "safer-buffer@>= 2.1.2 < 3.0.0":
  "integrity" "sha512-YZo3K82SD7Riyi0E1EQPojLz7kpepnSQI9IyPbHHg1XXXevb5dJI7tpyN2ADxGcQbHG7vcyRHk0cbwqcQriUtg=="
  "resolved" "https://registry.npmjs.org/safer-buffer/-/safer-buffer-2.1.2.tgz"
  "version" "2.1.2"

"shariff@^3.2.1":
  "integrity" "sha512-+J4RDqL5ddEsEdX/z/8OkuJsfUPkTTLwdINbTvKPJ0FAT4RuDgdA1xf8gOJMBfeK8IJnMkcNtuaUR7f8tjPNig=="
  "resolved" "https://registry.npmjs.org/shariff/-/shariff-3.2.1.tgz"
  "version" "3.2.1"
  dependencies:
    "@fortawesome/fontawesome-free" "^5.8.2"
    "jquery" "^3.4.1"

"Sortable@RubaXa/Sortable#1.15.0":
  "integrity" "sha512-GSZEr2sMxXEb/AhMwA3QqvhTcUp72MlhkmsZiFLxkJ2+ofp0l8sU1+nY/gvt3Sf2hz1OBfRKr1UfAo5b8lY2OA=="
  "resolved" "https://codeload.github.com/RubaXa/Sortable/tar.gz/babf6ab85fdfc5e13be1027827cecfbba2fb0d1e"
  "version" "1.15.0"

"tinymce@^5.10.6":
  "integrity" "sha512-bnF2LUoycDsoZZLQBNHbOijrmoJuEeR1rQdqgo4s77BedufpOVnDh00OZKbseHeTMCxhVH05wvOqxLsi6vpeZw=="
  "resolved" "https://registry.npmjs.org/tinymce/-/tinymce-5.10.6.tgz"
  "version" "5.10.6"

"xmlhttprequest@1":
  "integrity" "sha1-Z/4HXFwk/vOfnWX197f+dRcZaPw= sha512-58Im/U0mlVBLM38NdZjHyhuMtCqa61469k2YP/AaPbvCoV9aQGUpbJBj1QRm2ytRiVQBD/fsw7L2bJGDVQswBA=="
  "resolved" "https://registry.npmjs.org/xmlhttprequest/-/xmlhttprequest-1.8.0.tgz"
  "version" "1.8.0"

"yarn@^1.22.19":
  "integrity" "sha512-/0V5q0WbslqnwP91tirOvldvYISzaqhClxzyUKXYxs07yUILIs5jx/k6CFe8bvKSkds5w+eiOqta39Wk3WxdcQ=="
  "resolved" "https://registry.npmjs.org/yarn/-/yarn-1.22.19.tgz"
  "version" "1.22.19"
