# This file is generated by running "yarn install" inside your project.
# Manual changes might be lost - proceed with caution!

__metadata:
  version: 8
  cacheKey: 10c0

"@popperjs/core@npm:^2.11.8":
  version: 2.11.8
  resolution: "@popperjs/core@npm:2.11.8"
  checksum: 10c0/4681e682abc006d25eb380d0cf3efc7557043f53b6aea7a5057d0d1e7df849a00e281cd8ea79c902a35a414d7919621fc2ba293ecec05f413598e0b23d5a1e63
  languageName: node
  linkType: hard

"@types/jquery@npm:^2.0.32":
  version: 2.0.54
  resolution: "@types/jquery@npm:2.0.54"
  checksum: 10c0/8fc70e33a313c50224cd929a428c728a6f700cc5ec66dec5028d817f0c34ba8388d472f1bc0fb07f424c8c67314a8d8d19dfbc96b24cde0e317b59a0ab67ca0c
  languageName: node
  linkType: hard

"bootstrap@npm:5.3.8":
  version: 5.3.8
  resolution: "bootstrap@npm:5.3.8"
  peerDependencies:
    "@popperjs/core": ^2.11.8
  checksum: 10c0/0039a9df2c3e7bfa04f1abca199c299ff3b75869d578c0cb1721c6f1f203c91531788a5631ecbee01513481979314d0e4ba0d90c2011e6ce18fc2e0bc93e18d9
  languageName: node
  linkType: hard

"components-font-awesome@npm:5.9.0":
  version: 5.9.0
  resolution: "components-font-awesome@npm:5.9.0"
  checksum: 10c0/f2db52e788844bdb1bbf0eebc8f4ef233c04fb52e64b2ce3f6871922f43708379518cf0aa5c599b895633d063c6d8f44ea687a06f82f7be522ee081c31480536
  languageName: node
  linkType: hard

"datatables.net-bs5@npm:^2.3.3":
  version: 2.3.3
  resolution: "datatables.net-bs5@npm:2.3.3"
  dependencies:
    datatables.net: "npm:2.3.3"
    jquery: "npm:>=1.7"
  checksum: 10c0/85d1010b6b6eb766c7397eb1557bc79ec4a2172cdb893525870899969af8918cc113557403c0884b1c2b1fd041e26fa8b84d74fa246ebd4ce3f00a44ab9639f7
  languageName: node
  linkType: hard

"datatables.net@npm:2.3.3":
  version: 2.3.3
  resolution: "datatables.net@npm:2.3.3"
  dependencies:
    jquery: "npm:>=1.7"
  checksum: 10c0/890bf5312469293df93b665137f401aba1b60838d6de7d31673e32b2512e09a10f3d805bd0e750465cdb1d4922fdd1f52bc8009fe847c4f449f2daa3c1c7fb49
  languageName: node
  linkType: hard

"desandro-matches-selector@npm:^2.0.0":
  version: 2.0.2
  resolution: "desandro-matches-selector@npm:2.0.2"
  checksum: 10c0/f4b1f42e6ccd6c97e93e3f99a64461eef2722075b03d8a9e349e31766436f8b385d1fd50802b024dae951dc69399f13de20a139c1187000fd5e2fcf11cb5eb00
  languageName: node
  linkType: hard

"devbridge-autocomplete@npm:^1.4.11":
  version: 1.4.11
  resolution: "devbridge-autocomplete@npm:1.4.11"
  dependencies:
    "@types/jquery": "npm:^2.0.32"
    jquery: "npm:>=1.7"
  checksum: 10c0/2ec2d14d9060ca58d54b13b5582c3c87ede9d527c7f3b17e76f6492a35ef5cc66318b748cf8111839a7690a2e612f6c42667c2e8c72ab7129fc679ec3e74ed00
  languageName: node
  linkType: hard

"ev-emitter@npm:^1.0.0":
  version: 1.1.1
  resolution: "ev-emitter@npm:1.1.1"
  checksum: 10c0/332dcb444de2b1d81035fb22a10dd33926311baa7ea6fc24f1de7b60c6eff5b7e133611000fce740471f0c8f95259d3914d49b4201af2d85a51f0aeb8cb1ceda
  languageName: node
  linkType: hard

"fizzy-ui-utils@npm:^2.0.0":
  version: 2.0.7
  resolution: "fizzy-ui-utils@npm:2.0.7"
  dependencies:
    desandro-matches-selector: "npm:^2.0.0"
  checksum: 10c0/4c36d45db4e2e0cf1507aa9633af6710a12bdc047146fa89505e10aedc5bfb16cbfb0da686d5dfd89a37e1da4bce86bbee365e22be88705ab4ffccd530b4902a
  languageName: node
  linkType: hard

"get-size@npm:^2.0.2":
  version: 2.0.3
  resolution: "get-size@npm:2.0.3"
  checksum: 10c0/c9703caa61b4d38385eab34aa5068f3a25ab40f6d9cda6dac3f0dc4dcd8da38f7b0283035e71c9f52a47b670b9315372cae46f58d66ad709a4939e57c1fdc6cc
  languageName: node
  linkType: hard

"htmx.org@npm:^2.0.6":
  version: 2.0.6
  resolution: "htmx.org@npm:2.0.6"
  checksum: 10c0/df344f4d23f265b56bcd8ffa07e6feeae89c7efe5d773ca17a857f54388f5b30b52d5b0fda6ff4c89a994b149e7a77c8bcbc88bf9bd0b4b977b4fa641ba3c89b
  languageName: node
  linkType: hard

"jquery@npm:>=1.7, jquery@npm:^3.7.1":
  version: 3.7.1
  resolution: "jquery@npm:3.7.1"
  checksum: 10c0/808cfbfb758438560224bf26e17fcd5afc7419170230c810dd11f5c1792e2263e2970cca8d659eb84fcd9acc301edb6d310096e450277d54be4f57071b0c82d9
  languageName: node
  linkType: hard

"masonry-layout@npm:^4.2.2":
  version: 4.2.2
  resolution: "masonry-layout@npm:4.2.2"
  dependencies:
    get-size: "npm:^2.0.2"
    outlayer: "npm:^2.1.0"
  checksum: 10c0/991044cf7c22acbbb1135690314d68f9f237ef17315494c9dd25ed00fa0c526a8eb27d6bcf99a141a9d049bd62c5c251f66f9c8a4c201ca9c0944d8e44c0f09f
  languageName: node
  linkType: hard

"outlayer@npm:^2.1.0":
  version: 2.1.1
  resolution: "outlayer@npm:2.1.1"
  dependencies:
    ev-emitter: "npm:^1.0.0"
    fizzy-ui-utils: "npm:^2.0.0"
    get-size: "npm:^2.0.2"
  checksum: 10c0/863f5568e16833d11d048a760ddd92395a9e1e49b51b669d863ff4ffda4cf8f6d91ebb2c4c20e26ca30175cb295f8f436075772a56c7e17ae40d3f095d449a53
  languageName: node
  linkType: hard

"popper.js@npm:^1.16.1":
  version: 1.16.1
  resolution: "popper.js@npm:1.16.1"
  checksum: 10c0/1c1a826f757edb5b8c2049dfd7a9febf6ae1e9d0e51342fc715b49a0c1020fced250d26484619883651e097c5764bbcacd2f31496e3646027f079dd83e072681
  languageName: node
  linkType: hard

"wger@workspace:.":
  version: 0.0.0-use.local
  resolution: "wger@workspace:."
  dependencies:
    "@popperjs/core": "npm:^2.11.8"
    bootstrap: "npm:5.3.8"
    components-font-awesome: "npm:5.9.0"
    datatables.net-bs5: "npm:^2.3.3"
    devbridge-autocomplete: "npm:^1.4.11"
    htmx.org: "npm:^2.0.6"
    jquery: "npm:^3.7.1"
    masonry-layout: "npm:^4.2.2"
    popper.js: "npm:^1.16.1"
  languageName: unknown
  linkType: soft
