# THIS IS AN AUTOGENERATED FILE. DO NOT EDIT THIS FILE DIRECTLY.
# yarn lockfile v1


"@fortawesome/fontawesome-free@^5.8.2":
  version "5.14.0"
  resolved "https://registry.yarnpkg.com/@fortawesome/fontawesome-free/-/fontawesome-free-5.14.0.tgz#a371e91029ebf265015e64f81bfbf7d228c9681f"
  integrity sha512-OfdMsF+ZQgdKHP9jUbmDcRrP0eX90XXrsXIdyjLbkmSBzmMXPABB8eobUJtivaupucYaByz6WNe1PI1JuYm3qA==

"@types/jquery@^2.0.32":
  version "2.0.54"
  resolved "https://registry.yarnpkg.com/@types/jquery/-/jquery-2.0.54.tgz#d7999245f77c3fab5d84e7d32b8a6c20bfd1f072"
  integrity sha512-D/PomKwNkDfSKD13DEVQT/pq2TUjN54c6uB341fEZanIzkjfGe7UaFuuaLZbpEiS5j7Wk2MUHAZqZIoECw29lg==

Sortable@RubaXa/Sortable#1.13.0:
  version "1.13.0"
  uid "8a987c007cff0535edf65cd19a1a0a70cd880a07"
  resolved "https://codeload.github.com/RubaXa/Sortable/tar.gz/8a987c007cff0535edf65cd19a1a0a70cd880a07"

bootstrap@twbs/bootstrap#4.x:
  version "4.5.2"
  resolved "https://codeload.github.com/twbs/bootstrap/tar.gz/5f2480a90ab911babc53039835fe78c6fc12646d"

commander@2:
  version "2.20.3"
  resolved "https://registry.yarnpkg.com/commander/-/commander-2.20.3.tgz#fd485e84c03eb4881c20722ba48035e8531aeb33"
  integrity sha512-GpVkmM8vF2vQUkj2LvZmD35JxeJOLCwJ9cUkugyk2nuhbv3+mJvpLYYt+0+USMxE+oj+ey/lJEnhZw75x/OMcQ==

components-font-awesome@components/font-awesome#5.15.3:
  version "5.15.1"
  uid "09f1f2e02ea0cd319569b32f8639b37dfcd7a62d"
  resolved "https://codeload.github.com/components/font-awesome/tar.gz/09f1f2e02ea0cd319569b32f8639b37dfcd7a62d"

d3-array@1, d3-array@^1.2.0:
  version "1.2.4"
  resolved "https://registry.yarnpkg.com/d3-array/-/d3-array-1.2.4.tgz#635ce4d5eea759f6f605863dbcfc30edc737f71f"
  integrity sha512-KHW6M86R+FUPYGb3R5XiYjXPq7VzwxZ22buHhAEVG5ztoEcZZMLov530mmccaqA1GghZArjQV46fuc8kUqhhHw==

d3-array@1.2.1:
  version "1.2.1"
  resolved "https://registry.yarnpkg.com/d3-array/-/d3-array-1.2.1.tgz#d1ca33de2f6ac31efadb8e050a021d7e2396d5dc"
  integrity sha512-CyINJQ0SOUHojDdFDH4JEM0552vCR1utGyLHegJHyYH0JyCpSeTPxi4OBqHMA2jJZq4NH782LtaJWBImqI/HBw==

d3-axis@1.0.8:
  version "1.0.8"
  resolved "https://registry.yarnpkg.com/d3-axis/-/d3-axis-1.0.8.tgz#31a705a0b535e65759de14173a31933137f18efa"
  integrity sha1-MacFoLU15ldZ3hQXOjGTMTfxjvo=

d3-brush@1.0.4:
  version "1.0.4"
  resolved "https://registry.yarnpkg.com/d3-brush/-/d3-brush-1.0.4.tgz#00c2f238019f24f6c0a194a26d41a1530ffe7bc4"
  integrity sha1-AMLyOAGfJPbAoZSibUGhUw/+e8Q=
  dependencies:
    d3-dispatch "1"
    d3-drag "1"
    d3-interpolate "1"
    d3-selection "1"
    d3-transition "1"

d3-chord@1.0.4:
  version "1.0.4"
  resolved "https://registry.yarnpkg.com/d3-chord/-/d3-chord-1.0.4.tgz#7dec4f0ba886f713fe111c45f763414f6f74ca2c"
  integrity sha1-fexPC6iG9xP+ERxF92NBT290yiw=
  dependencies:
    d3-array "1"
    d3-path "1"

d3-collection@1:
  version "1.0.7"
  resolved "https://registry.yarnpkg.com/d3-collection/-/d3-collection-1.0.7.tgz#349bd2aa9977db071091c13144d5e4f16b5b310e"
  integrity sha512-ii0/r5f4sjKNTfh84Di+DpztYwqKhEyUlKoPrzUFfeSkWxjW49xU2QzO9qrPrNkpdI0XJkfzvmTu8V2Zylln6A==

d3-collection@1.0.4:
  version "1.0.4"
  resolved "https://registry.yarnpkg.com/d3-collection/-/d3-collection-1.0.4.tgz#342dfd12837c90974f33f1cc0a785aea570dcdc2"
  integrity sha1-NC39EoN8kJdPM/HMCnha6lcNzcI=

d3-color@1:
  version "1.4.1"
  resolved "https://registry.yarnpkg.com/d3-color/-/d3-color-1.4.1.tgz#c52002bf8846ada4424d55d97982fef26eb3bc8a"
  integrity sha512-p2sTHSLCJI2QKunbGb7ocOh7DgTAn8IrLx21QRc/BSnodXM4sv6aLQlnfpvehFMLZEfBc6g9pH9SWQccFYfJ9Q==

d3-color@1.0.3:
  version "1.0.3"
  resolved "https://registry.yarnpkg.com/d3-color/-/d3-color-1.0.3.tgz#bc7643fca8e53a8347e2fbdaffa236796b58509b"
  integrity sha1-vHZD/KjlOoNH4vva/6I2eWtYUJs=

d3-dispatch@1:
  version "1.0.6"
  resolved "https://registry.yarnpkg.com/d3-dispatch/-/d3-dispatch-1.0.6.tgz#00d37bcee4dd8cd97729dd893a0ac29caaba5d58"
  integrity sha512-fVjoElzjhCEy+Hbn8KygnmMS7Or0a9sI2UzGwoB7cCtvI1XpVN9GpoYlnb3xt2YV66oXYb1fLJ8GMvP4hdU1RA==

d3-dispatch@1.0.3:
  version "1.0.3"
  resolved "https://registry.yarnpkg.com/d3-dispatch/-/d3-dispatch-1.0.3.tgz#46e1491eaa9b58c358fce5be4e8bed626e7871f8"
  integrity sha1-RuFJHqqbWMNY/OW+TovtYm54cfg=

d3-drag@1:
  version "1.2.5"
  resolved "https://registry.yarnpkg.com/d3-drag/-/d3-drag-1.2.5.tgz#2537f451acd39d31406677b7dc77c82f7d988f70"
  integrity sha512-rD1ohlkKQwMZYkQlYVCrSFxsWPzI97+W+PaEIBNTMxRuxz9RF0Hi5nJWHGVJ3Om9d2fRTe1yOBINJyy/ahV95w==
  dependencies:
    d3-dispatch "1"
    d3-selection "1"

d3-drag@1.2.1:
  version "1.2.1"
  resolved "https://registry.yarnpkg.com/d3-drag/-/d3-drag-1.2.1.tgz#df8dd4c502fb490fc7462046a8ad98a5c479282d"
  integrity sha512-Cg8/K2rTtzxzrb0fmnYOUeZHvwa4PHzwXOLZZPwtEs2SKLLKLXeYwZKBB+DlOxUvFmarOnmt//cU4+3US2lyyQ==
  dependencies:
    d3-dispatch "1"
    d3-selection "1"

d3-dsv@1:
  version "1.2.0"
  resolved "https://registry.yarnpkg.com/d3-dsv/-/d3-dsv-1.2.0.tgz#9d5f75c3a5f8abd611f74d3f5847b0d4338b885c"
  integrity sha512-9yVlqvZcSOMhCYzniHE7EVUws7Fa1zgw+/EAV2BxJoG3ME19V6BQFBwI855XQDsxyOuG7NibqRMTtiF/Qup46g==
  dependencies:
    commander "2"
    iconv-lite "0.4"
    rw "1"

d3-dsv@1.0.8:
  version "1.0.8"
  resolved "https://registry.yarnpkg.com/d3-dsv/-/d3-dsv-1.0.8.tgz#907e240d57b386618dc56468bacfe76bf19764ae"
  integrity sha512-IVCJpQ+YGe3qu6odkPQI0KPqfxkhbP/oM1XhhE/DFiYmcXKfCRub4KXyiuehV1d4drjWVXHUWx4gHqhdZb6n/A==
  dependencies:
    commander "2"
    iconv-lite "0.4"
    rw "1"

d3-ease@1:
  version "1.0.6"
  resolved "https://registry.yarnpkg.com/d3-ease/-/d3-ease-1.0.6.tgz#ebdb6da22dfac0a22222f2d4da06f66c416a0ec0"
  integrity sha512-SZ/lVU7LRXafqp7XtIcBdxnWl8yyLpgOmzAk0mWBI9gXNzLDx5ybZgnRbH9dN/yY5tzVBqCQ9avltSnqVwessQ==

d3-ease@1.0.3:
  version "1.0.3"
  resolved "https://registry.yarnpkg.com/d3-ease/-/d3-ease-1.0.3.tgz#68bfbc349338a380c44d8acc4fbc3304aa2d8c0e"
  integrity sha1-aL+8NJM4o4DETYrMT7wzBKotjA4=

d3-force@1.1.0:
  version "1.1.0"
  resolved "https://registry.yarnpkg.com/d3-force/-/d3-force-1.1.0.tgz#cebf3c694f1078fcc3d4daf8e567b2fbd70d4ea3"
  integrity sha512-2HVQz3/VCQs0QeRNZTYb7GxoUCeb6bOzMp/cGcLa87awY9ZsPvXOGeZm0iaGBjXic6I1ysKwMn+g+5jSAdzwcg==
  dependencies:
    d3-collection "1"
    d3-dispatch "1"
    d3-quadtree "1"
    d3-timer "1"

d3-format@1:
  version "1.4.4"
  resolved "https://registry.yarnpkg.com/d3-format/-/d3-format-1.4.4.tgz#356925f28d0fd7c7983bfad593726fce46844030"
  integrity sha512-TWks25e7t8/cqctxCmxpUuzZN11QxIA7YrMbram94zMQ0PXjE4LVIMe/f6a4+xxL8HQ3OsAFULOINQi1pE62Aw==

d3-format@1.2.2:
  version "1.2.2"
  resolved "https://registry.yarnpkg.com/d3-format/-/d3-format-1.2.2.tgz#1a39c479c8a57fe5051b2e67a3bee27061a74e7a"
  integrity sha512-zH9CfF/3C8zUI47nsiKfD0+AGDEuM8LwBIP7pBVpyR4l/sKkZqITmMtxRp04rwBrlshIZ17XeFAaovN3++wzkw==

d3-geo@1.9.1:
  version "1.9.1"
  resolved "https://registry.yarnpkg.com/d3-geo/-/d3-geo-1.9.1.tgz#157e3b0f917379d0f73bebfff3be537f49fa7356"
  integrity sha512-l9wL/cEQkyZQYXw3xbmLsH3eQ5ij+icNfo4r0GrLa5rOCZR/e/3am45IQ0FvQ5uMsv+77zBRunLc9ufTWSQYFA==
  dependencies:
    d3-array "1"

d3-hierarchy@1.1.5:
  version "1.1.5"
  resolved "https://registry.yarnpkg.com/d3-hierarchy/-/d3-hierarchy-1.1.5.tgz#a1c845c42f84a206bcf1c01c01098ea4ddaa7a26"
  integrity sha1-ochFxC+Eoga88cAcAQmOpN2qeiY=

d3-interpolate@1:
  version "1.4.0"
  resolved "https://registry.yarnpkg.com/d3-interpolate/-/d3-interpolate-1.4.0.tgz#526e79e2d80daa383f9e0c1c1c7dcc0f0583e987"
  integrity sha512-V9znK0zc3jOPV4VD2zZn0sDhZU3WAE2bmlxdIwwQPPzPjvyLkd8B3JUVdS1IDUFDkWZ72c9qnv1GK2ZagTZ8EA==
  dependencies:
    d3-color "1"

d3-interpolate@1.1.6:
  version "1.1.6"
  resolved "https://registry.yarnpkg.com/d3-interpolate/-/d3-interpolate-1.1.6.tgz#2cf395ae2381804df08aa1bf766b7f97b5f68fb6"
  integrity sha512-mOnv5a+pZzkNIHtw/V6I+w9Lqm9L5bG3OTXPM5A+QO0yyVMQ4W1uZhR+VOJmazaOZXri2ppbiZ5BUNWT0pFM9A==
  dependencies:
    d3-color "1"

d3-path@1:
  version "1.0.9"
  resolved "https://registry.yarnpkg.com/d3-path/-/d3-path-1.0.9.tgz#48c050bb1fe8c262493a8caf5524e3e9591701cf"
  integrity sha512-VLaYcn81dtHVTjEHd8B+pbe9yHWpXKZUC87PzoFmsFrJqgFwDe/qxfp5MlfsfM1V5E/iVt0MmEbWQ7FVIXh/bg==

d3-path@1.0.5:
  version "1.0.5"
  resolved "https://registry.yarnpkg.com/d3-path/-/d3-path-1.0.5.tgz#241eb1849bd9e9e8021c0d0a799f8a0e8e441764"
  integrity sha1-JB6xhJvZ6egCHA0KeZ+KDo5EF2Q=

d3-polygon@1.0.3:
  version "1.0.3"
  resolved "https://registry.yarnpkg.com/d3-polygon/-/d3-polygon-1.0.3.tgz#16888e9026460933f2b179652ad378224d382c62"
  integrity sha1-FoiOkCZGCTPysXllKtN4Ik04LGI=

d3-quadtree@1:
  version "1.0.7"
  resolved "https://registry.yarnpkg.com/d3-quadtree/-/d3-quadtree-1.0.7.tgz#ca8b84df7bb53763fe3c2f24bd435137f4e53135"
  integrity sha512-RKPAeXnkC59IDGD0Wu5mANy0Q2V28L+fNe65pOCXVdVuTJS3WPKaJlFHer32Rbh9gIo9qMuJXio8ra4+YmIymA==

d3-quadtree@1.0.3:
  version "1.0.3"
  resolved "https://registry.yarnpkg.com/d3-quadtree/-/d3-quadtree-1.0.3.tgz#ac7987e3e23fe805a990f28e1b50d38fcb822438"
  integrity sha1-rHmH4+I/6AWpkPKOG1DTj8uCJDg=

d3-queue@3.0.7:
  version "3.0.7"
  resolved "https://registry.yarnpkg.com/d3-queue/-/d3-queue-3.0.7.tgz#c93a2e54b417c0959129d7d73f6cf7d4292e7618"
  integrity sha1-yTouVLQXwJWRKdfXP2z31Ckudhg=

d3-random@1.1.0:
  version "1.1.0"
  resolved "https://registry.yarnpkg.com/d3-random/-/d3-random-1.1.0.tgz#6642e506c6fa3a648595d2b2469788a8d12529d3"
  integrity sha1-ZkLlBsb6OmSFldKyRpeIqNElKdM=

d3-request@1.0.6:
  version "1.0.6"
  resolved "https://registry.yarnpkg.com/d3-request/-/d3-request-1.0.6.tgz#a1044a9ef4ec28c824171c9379fae6d79474b19f"
  integrity sha512-FJj8ySY6GYuAJHZMaCQ83xEYE4KbkPkmxZ3Hu6zA1xxG2GD+z6P+Lyp+zjdsHf0xEbp2xcluDI50rCS855EQ6w==
  dependencies:
    d3-collection "1"
    d3-dispatch "1"
    d3-dsv "1"
    xmlhttprequest "1"

d3-scale@1.0.7:
  version "1.0.7"
  resolved "https://registry.yarnpkg.com/d3-scale/-/d3-scale-1.0.7.tgz#fa90324b3ea8a776422bd0472afab0b252a0945d"
  integrity sha512-KvU92czp2/qse5tUfGms6Kjig0AhHOwkzXG0+PqIJB3ke0WUv088AHMZI0OssO9NCkXt4RP8yju9rpH8aGB7Lw==
  dependencies:
    d3-array "^1.2.0"
    d3-collection "1"
    d3-color "1"
    d3-format "1"
    d3-interpolate "1"
    d3-time "1"
    d3-time-format "2"

d3-selection@1, d3-selection@^1.1.0:
  version "1.4.2"
  resolved "https://registry.yarnpkg.com/d3-selection/-/d3-selection-1.4.2.tgz#dcaa49522c0dbf32d6c1858afc26b6094555bc5c"
  integrity sha512-SJ0BqYihzOjDnnlfyeHT0e30k0K1+5sR3d5fNueCNeuhZTnGw4M4o8mqJchSwgKMXCNFo+e2VTChiSJ0vYtXkg==

d3-selection@1.3.0:
  version "1.3.0"
  resolved "https://registry.yarnpkg.com/d3-selection/-/d3-selection-1.3.0.tgz#d53772382d3dc4f7507bfb28bcd2d6aed2a0ad6d"
  integrity sha512-qgpUOg9tl5CirdqESUAu0t9MU/t3O9klYfGfyKsXEmhyxyzLpzpeh08gaxBUTQw1uXIOkr/30Ut2YRjSSxlmHA==

d3-shape@1.2.0:
  version "1.2.0"
  resolved "https://registry.yarnpkg.com/d3-shape/-/d3-shape-1.2.0.tgz#45d01538f064bafd05ea3d6d2cb748fd8c41f777"
  integrity sha1-RdAVOPBkuv0F6j1tLLdI/YxB93c=
  dependencies:
    d3-path "1"

d3-time-format@2:
  version "2.2.3"
  resolved "https://registry.yarnpkg.com/d3-time-format/-/d3-time-format-2.2.3.tgz#0c9a12ee28342b2037e5ea1cf0b9eb4dd75f29cb"
  integrity sha512-RAHNnD8+XvC4Zc4d2A56Uw0yJoM7bsvOlJR33bclxq399Rak/b9bhvu/InjxdWhPtkgU53JJcleJTGkNRnN6IA==
  dependencies:
    d3-time "1"

d3-time-format@2.1.1:
  version "2.1.1"
  resolved "https://registry.yarnpkg.com/d3-time-format/-/d3-time-format-2.1.1.tgz#85b7cdfbc9ffca187f14d3c456ffda268081bb31"
  integrity sha512-8kAkymq2WMfzW7e+s/IUNAtN/y3gZXGRrdGfo6R8NKPAA85UBTxZg5E61bR6nLwjPjj4d3zywSQe1CkYLPFyrw==
  dependencies:
    d3-time "1"

d3-time@1:
  version "1.1.0"
  resolved "https://registry.yarnpkg.com/d3-time/-/d3-time-1.1.0.tgz#b1e19d307dae9c900b7e5b25ffc5dcc249a8a0f1"
  integrity sha512-Xh0isrZ5rPYYdqhAVk8VLnMEidhz5aP7htAADH6MfzgmmicPkTo8LhkLxci61/lCB7n7UmE3bN0leRt+qvkLxA==

d3-time@1.0.8:
  version "1.0.8"
  resolved "https://registry.yarnpkg.com/d3-time/-/d3-time-1.0.8.tgz#dbd2d6007bf416fe67a76d17947b784bffea1e84"
  integrity sha512-YRZkNhphZh3KcnBfitvF3c6E0JOFGikHZ4YqD+Lzv83ZHn1/u6yGenRU1m+KAk9J1GnZMnKcrtfvSktlA1DXNQ==

d3-timer@1:
  version "1.0.10"
  resolved "https://registry.yarnpkg.com/d3-timer/-/d3-timer-1.0.10.tgz#dfe76b8a91748831b13b6d9c793ffbd508dd9de5"
  integrity sha512-B1JDm0XDaQC+uvo4DT79H0XmBskgS3l6Ve+1SBCfxgmtIb1AVrPIoqd+nPSv+loMX8szQ0sVUhGngL7D5QPiXw==

d3-timer@1.0.7:
  version "1.0.7"
  resolved "https://registry.yarnpkg.com/d3-timer/-/d3-timer-1.0.7.tgz#df9650ca587f6c96607ff4e60cc38229e8dd8531"
  integrity sha512-vMZXR88XujmG/L5oB96NNKH5lCWwiLM/S2HyyAQLcjWJCloK5shxta4CwOFYLZoY3AWX73v8Lgv4cCAdWtRmOA==

d3-transition@1:
  version "1.3.2"
  resolved "https://registry.yarnpkg.com/d3-transition/-/d3-transition-1.3.2.tgz#a98ef2151be8d8600543434c1ca80140ae23b398"
  integrity sha512-sc0gRU4PFqZ47lPVHloMn9tlPcv8jxgOQg+0zjhfZXMQuvppjG6YuwdMBE0TuqCZjeJkLecku/l9R0JPcRhaDA==
  dependencies:
    d3-color "1"
    d3-dispatch "1"
    d3-ease "1"
    d3-interpolate "1"
    d3-selection "^1.1.0"
    d3-timer "1"

d3-transition@1.1.1:
  version "1.1.1"
  resolved "https://registry.yarnpkg.com/d3-transition/-/d3-transition-1.1.1.tgz#d8ef89c3b848735b060e54a39b32aaebaa421039"
  integrity sha512-xeg8oggyQ+y5eb4J13iDgKIjUcEfIOZs2BqV/eEmXm2twx80wTzJ4tB4vaZ5BKfz7XsI/DFmQL5me6O27/5ykQ==
  dependencies:
    d3-color "1"
    d3-dispatch "1"
    d3-ease "1"
    d3-interpolate "1"
    d3-selection "^1.1.0"
    d3-timer "1"

d3-voronoi@1.1.2:
  version "1.1.2"
  resolved "https://registry.yarnpkg.com/d3-voronoi/-/d3-voronoi-1.1.2.tgz#1687667e8f13a2d158c80c1480c5a29cb0d8973c"
  integrity sha1-Fodmfo8TotFYyAwUgMWinLDYlzw=

d3-zoom@1.7.1:
  version "1.7.1"
  resolved "https://registry.yarnpkg.com/d3-zoom/-/d3-zoom-1.7.1.tgz#02f43b3c3e2db54f364582d7e4a236ccc5506b63"
  integrity sha512-sZHQ55DGq5BZBFGnRshUT8tm2sfhPHFnOlmPbbwTkAoPeVdRTkB4Xsf9GCY0TSHrTD8PeJPZGmP/TpGicwJDJQ==
  dependencies:
    d3-dispatch "1"
    d3-drag "1"
    d3-interpolate "1"
    d3-selection "1"
    d3-transition "1"

d3@^4:
  version "4.13.0"
  resolved "https://registry.yarnpkg.com/d3/-/d3-4.13.0.tgz#ab236ff8cf0cfc27a81e69bf2fb7518bc9b4f33d"
  integrity sha512-l8c4+0SldjVKLaE2WG++EQlqD7mh/dmQjvi2L2lKPadAVC+TbJC4ci7Uk9bRi+To0+ansgsS0iWfPjD7DBy+FQ==
  dependencies:
    d3-array "1.2.1"
    d3-axis "1.0.8"
    d3-brush "1.0.4"
    d3-chord "1.0.4"
    d3-collection "1.0.4"
    d3-color "1.0.3"
    d3-dispatch "1.0.3"
    d3-drag "1.2.1"
    d3-dsv "1.0.8"
    d3-ease "1.0.3"
    d3-force "1.1.0"
    d3-format "1.2.2"
    d3-geo "1.9.1"
    d3-hierarchy "1.1.5"
    d3-interpolate "1.1.6"
    d3-path "1.0.5"
    d3-polygon "1.0.3"
    d3-quadtree "1.0.3"
    d3-queue "3.0.7"
    d3-random "1.1.0"
    d3-request "1.0.6"
    d3-scale "1.0.7"
    d3-selection "1.3.0"
    d3-shape "1.2.0"
    d3-time "1.0.8"
    d3-time-format "2.1.1"
    d3-timer "1.0.7"
    d3-transition "1.1.1"
    d3-voronoi "1.1.2"
    d3-zoom "1.7.1"

d3@mbostock-bower/d3-bower#>=5:
  version "0.0.0"
  uid c15b85ce115be200bd4ca473f97fcd0bb43bba07
  resolved "https://codeload.github.com/mbostock-bower/d3-bower/tar.gz/c15b85ce115be200bd4ca473f97fcd0bb43bba07"

datatables@DataTables/DataTables#1.10.x:
  version "1.10.21"
  resolved "https://codeload.github.com/DataTables/DataTables/tar.gz/83e59694a105225ff889ddfa0d723a3ab24fda78"
  dependencies:
    jquery ">=1.7"

devbridge-autocomplete@^1.4.11:
  version "1.4.11"
  resolved "https://registry.yarnpkg.com/devbridge-autocomplete/-/devbridge-autocomplete-1.4.11.tgz#05424a675711a9c3ad118c98de0a22180944b00f"
  integrity sha512-lRU1y9IKyPm45NKDMcujszJoftw+wqxKbtcNJoMx+LywJQJdDwjg/s4lwLYR4vyQQ6VTcUaIeveLMkZTqorBIA==
  dependencies:
    "@types/jquery" "^2.0.32"
    jquery ">=1.7"

iconv-lite@0.4:
  version "0.4.24"
  resolved "https://registry.yarnpkg.com/iconv-lite/-/iconv-lite-0.4.24.tgz#2022b4b25fbddc21d2f524974a474aafe733908b"
  integrity sha512-v3MXnZAcvnywkTUEZomIActle7RXXeedOR31wwl7VlyoXO4Qi9arvSenNQWne1TcRwhCL1HwLI21bEqdpj8/rA==
  dependencies:
    safer-buffer ">= 2.1.2 < 3"

jquery@>=1.7, jquery@^3.4.1, jquery@^3.6.0:
  version "3.6.0"
  resolved "https://registry.yarnpkg.com/jquery/-/jquery-3.6.0.tgz#c72a09f15c1bdce142f49dbf1170bdf8adac2470"
  integrity sha512-JVzAR/AjBvVt2BmYhxRCSYysDsPcssdmTFnzyLEts9qNwmjmu4JTAMYubEfwVOSwpQ1I1sKKFcxhZCI2buerfw==

metrics-graphics@mozilla/metrics-graphics#2.15.x:
  version "2.15.6"
  resolved "https://codeload.github.com/mozilla/metrics-graphics/tar.gz/9c213c7d80a19191bc3cf26e1ca17942447aa240"
  dependencies:
    d3 "^4"

rw@1:
  version "1.3.3"
  resolved "https://registry.yarnpkg.com/rw/-/rw-1.3.3.tgz#3f862dfa91ab766b14885ef4d01124bfda074fb4"
  integrity sha1-P4Yt+pGrdmsUiF700BEkv9oHT7Q=

"safer-buffer@>= 2.1.2 < 3":
  version "2.1.2"
  resolved "https://registry.yarnpkg.com/safer-buffer/-/safer-buffer-2.1.2.tgz#44fa161b0187b9549dd84bb91802f9bd8385cd6a"
  integrity sha512-YZo3K82SD7Riyi0E1EQPojLz7kpepnSQI9IyPbHHg1XXXevb5dJI7tpyN2ADxGcQbHG7vcyRHk0cbwqcQriUtg==

shariff@^3.2.1:
  version "3.2.1"
  resolved "https://registry.yarnpkg.com/shariff/-/shariff-3.2.1.tgz#ba517b3dd0af1499756aa844c75bb691a193c722"
  integrity sha512-+J4RDqL5ddEsEdX/z/8OkuJsfUPkTTLwdINbTvKPJ0FAT4RuDgdA1xf8gOJMBfeK8IJnMkcNtuaUR7f8tjPNig==
  dependencies:
    "@fortawesome/fontawesome-free" "^5.8.2"
    jquery "^3.4.1"

tinymce@^5.7.1:
  version "5.7.1"
  resolved "https://registry.yarnpkg.com/tinymce/-/tinymce-5.7.1.tgz#658a6fb4c7d53a8496cc00f8da33f4b8290da06d"
  integrity sha512-1gY8RClc734srSlkYwY0MQzmkS1j73PuPC+nYtNtrrQVPY9VNcZ4bOiRwzTbdjPPD8GOtv6BAk8Ww/H2RiqKpA==

xmlhttprequest@1:
  version "1.8.0"
  resolved "https://registry.yarnpkg.com/xmlhttprequest/-/xmlhttprequest-1.8.0.tgz#67fe075c5c24fef39f9d65f5f7b7fe75171968fc"
  integrity sha1-Z/4HXFwk/vOfnWX197f+dRcZaPw=

yarn@^1.22.5:
  version "1.22.10"
  resolved "https://registry.yarnpkg.com/yarn/-/yarn-1.22.10.tgz#c99daa06257c80f8fa2c3f1490724e394c26b18c"
  integrity sha512-IanQGI9RRPAN87VGTF7zs2uxkSyQSrSPsju0COgbsKQOOXr5LtcVPeyXWgwVa0ywG3d8dg6kSYKGBuYK021qeA==
